<?xml version="1.0" encoding="UTF-8"?>
<!DOCTYPE plist PUBLIC "-//Apple//DTD PLIST 1.0//EN" "http://www.apple.com/DTDs/PropertyList-1.0.dtd">
<plist version="1.0">
<dict>
	<key>archiveVersion</key>
	<string>1</string>
	<key>classes</key>
	<dict/>
	<key>objectVersion</key>
	<string>46</string>
	<key>objects</key>
	<dict>
		<key>7902E9B918D58AA3005903E2</key>
		<dict>
			<key>containerPortal</key>
			<string>79E1FAEA18D56C1300A2414E</string>
			<key>isa</key>
			<string>PBXContainerItemProxy</string>
			<key>proxyType</key>
			<string>1</string>
			<key>remoteGlobalIDString</key>
			<string>79E1FAF118D56C1300A2414E</string>
			<key>remoteInfo</key>
			<string>MEReactiveKit</string>
		</dict>
		<key>7902E9BA18D58AA3005903E2</key>
		<dict>
			<key>isa</key>
			<string>PBXTargetDependency</string>
			<key>target</key>
			<string>79E1FAF118D56C1300A2414E</string>
			<key>targetProxy</key>
			<string>7902E9B918D58AA3005903E2</string>
		</dict>
		<key>7902E9BB18D58AAD005903E2</key>
		<dict>
			<key>fileRef</key>
			<string>79E1FB1F18D56C5C00A2414E</string>
			<key>isa</key>
			<string>PBXBuildFile</string>
		</dict>
		<key>7902E9BC18D58ABA005903E2</key>
		<dict>
			<key>fileRef</key>
			<string>79E1FAF218D56C1300A2414E</string>
			<key>isa</key>
			<string>PBXBuildFile</string>
		</dict>
		<key>7902E9BD18D58CAC005903E2</key>
		<dict>
			<key>fileRef</key>
			<string>79E1FB3B18D56E3B00A2414E</string>
			<key>isa</key>
			<string>PBXBuildFile</string>
		</dict>
		<key>7902E9BE18D58CFF005903E2</key>
		<dict>
			<key>fileEncoding</key>
			<string>4</string>
			<key>isa</key>
			<string>PBXFileReference</string>
			<key>lastKnownFileType</key>
			<string>sourcecode.c.h</string>
			<key>path</key>
			<string>MERDetailScrollViewController.h</string>
			<key>sourceTree</key>
			<string>&lt;group&gt;</string>
		</dict>
		<key>7902E9BF18D58CFF005903E2</key>
		<dict>
			<key>fileEncoding</key>
			<string>4</string>
			<key>isa</key>
			<string>PBXFileReference</string>
			<key>lastKnownFileType</key>
			<string>sourcecode.c.objc</string>
			<key>path</key>
			<string>MERDetailScrollViewController.m</string>
			<key>sourceTree</key>
			<string>&lt;group&gt;</string>
		</dict>
		<key>7902E9C018D58CFF005903E2</key>
		<dict>
			<key>fileRef</key>
			<string>7902E9BF18D58CFF005903E2</string>
			<key>isa</key>
			<string>PBXBuildFile</string>
		</dict>
		<key>792A476A18DB790E00CE7538</key>
		<dict>
			<key>isa</key>
			<string>PBXFileReference</string>
			<key>lastKnownFileType</key>
			<string>image.png</string>
			<key>path</key>
			<string>web_view_back.png</string>
			<key>sourceTree</key>
			<string>&lt;group&gt;</string>
		</dict>
		<key>792A476B18DB790E00CE7538</key>
		<dict>
			<key>isa</key>
			<string>PBXFileReference</string>
			<key>lastKnownFileType</key>
			<string>image.png</string>
			<key>path</key>
			<string>web_view_back@2x.png</string>
			<key>sourceTree</key>
			<string>&lt;group&gt;</string>
		</dict>
		<key>792A476C18DB790E00CE7538</key>
		<dict>
			<key>isa</key>
			<string>PBXFileReference</string>
			<key>lastKnownFileType</key>
			<string>image.png</string>
			<key>path</key>
			<string>web_view_forward.png</string>
			<key>sourceTree</key>
			<string>&lt;group&gt;</string>
		</dict>
		<key>792A476D18DB790E00CE7538</key>
		<dict>
			<key>isa</key>
			<string>PBXFileReference</string>
			<key>lastKnownFileType</key>
			<string>image.png</string>
			<key>path</key>
			<string>web_view_forward@2x.png</string>
			<key>sourceTree</key>
			<string>&lt;group&gt;</string>
		</dict>
		<key>792A476E18DB790E00CE7538</key>
		<dict>
			<key>fileRef</key>
			<string>792A476A18DB790E00CE7538</string>
			<key>isa</key>
			<string>PBXBuildFile</string>
		</dict>
		<key>792A476F18DB790E00CE7538</key>
		<dict>
			<key>fileRef</key>
			<string>792A476B18DB790E00CE7538</string>
			<key>isa</key>
			<string>PBXBuildFile</string>
		</dict>
		<key>792A477018DB790E00CE7538</key>
		<dict>
			<key>fileRef</key>
			<string>792A476C18DB790E00CE7538</string>
			<key>isa</key>
			<string>PBXBuildFile</string>
		</dict>
		<key>792A477118DB790E00CE7538</key>
		<dict>
			<key>fileRef</key>
			<string>792A476D18DB790E00CE7538</string>
			<key>isa</key>
			<string>PBXBuildFile</string>
		</dict>
		<key>792A477218DB7B8400CE7538</key>
		<dict>
			<key>isa</key>
			<string>PBXFileReference</string>
			<key>lastKnownFileType</key>
			<string>image.png</string>
			<key>path</key>
			<string>web_view_open_in_safari@2x~ipad.png</string>
			<key>sourceTree</key>
			<string>&lt;group&gt;</string>
		</dict>
		<key>792A477318DB7B8400CE7538</key>
		<dict>
			<key>isa</key>
			<string>PBXFileReference</string>
			<key>lastKnownFileType</key>
			<string>image.png</string>
			<key>path</key>
			<string>web_view_open_in_safari@2x~iphone.png</string>
			<key>sourceTree</key>
			<string>&lt;group&gt;</string>
		</dict>
		<key>792A477418DB7B8400CE7538</key>
		<dict>
			<key>isa</key>
			<string>PBXFileReference</string>
			<key>lastKnownFileType</key>
			<string>image.png</string>
			<key>path</key>
			<string>web_view_open_in_safari~ipad.png</string>
			<key>sourceTree</key>
			<string>&lt;group&gt;</string>
		</dict>
		<key>792A477518DB7B8400CE7538</key>
		<dict>
			<key>isa</key>
			<string>PBXFileReference</string>
			<key>lastKnownFileType</key>
			<string>image.png</string>
			<key>path</key>
			<string>web_view_open_in_safari~iphone.png</string>
			<key>sourceTree</key>
			<string>&lt;group&gt;</string>
		</dict>
		<key>792A477618DB7B8400CE7538</key>
		<dict>
			<key>fileRef</key>
			<string>792A477218DB7B8400CE7538</string>
			<key>isa</key>
			<string>PBXBuildFile</string>
		</dict>
		<key>792A477718DB7B8400CE7538</key>
		<dict>
			<key>fileRef</key>
			<string>792A477318DB7B8400CE7538</string>
			<key>isa</key>
			<string>PBXBuildFile</string>
		</dict>
		<key>792A477818DB7B8400CE7538</key>
		<dict>
			<key>fileRef</key>
			<string>792A477418DB7B8400CE7538</string>
			<key>isa</key>
			<string>PBXBuildFile</string>
		</dict>
		<key>792A477918DB7B8400CE7538</key>
		<dict>
			<key>fileRef</key>
			<string>792A477518DB7B8400CE7538</string>
			<key>isa</key>
			<string>PBXBuildFile</string>
		</dict>
		<key>792A477A18DB7C4A00CE7538</key>
		<dict>
			<key>isa</key>
			<string>PBXFileReference</string>
			<key>lastKnownFileType</key>
			<string>image.png</string>
			<key>path</key>
			<string>web_view_open_in_chrome@2x~ipad.png</string>
			<key>sourceTree</key>
			<string>&lt;group&gt;</string>
		</dict>
		<key>792A477B18DB7C4A00CE7538</key>
		<dict>
			<key>isa</key>
			<string>PBXFileReference</string>
			<key>lastKnownFileType</key>
			<string>image.png</string>
			<key>path</key>
			<string>web_view_open_in_chrome@2x~iphone.png</string>
			<key>sourceTree</key>
			<string>&lt;group&gt;</string>
		</dict>
		<key>792A477C18DB7C4A00CE7538</key>
		<dict>
			<key>isa</key>
			<string>PBXFileReference</string>
			<key>lastKnownFileType</key>
			<string>image.png</string>
			<key>path</key>
			<string>web_view_open_in_chrome~ipad.png</string>
			<key>sourceTree</key>
			<string>&lt;group&gt;</string>
		</dict>
		<key>792A477D18DB7C4A00CE7538</key>
		<dict>
			<key>isa</key>
			<string>PBXFileReference</string>
			<key>lastKnownFileType</key>
			<string>image.png</string>
			<key>path</key>
			<string>web_view_open_in_chrome~iphone.png</string>
			<key>sourceTree</key>
			<string>&lt;group&gt;</string>
		</dict>
		<key>792A477E18DB7C4A00CE7538</key>
		<dict>
			<key>fileRef</key>
			<string>792A477A18DB7C4A00CE7538</string>
			<key>isa</key>
			<string>PBXBuildFile</string>
		</dict>
		<key>792A477F18DB7C4A00CE7538</key>
		<dict>
			<key>fileRef</key>
			<string>792A477B18DB7C4A00CE7538</string>
			<key>isa</key>
			<string>PBXBuildFile</string>
		</dict>
		<key>792A478018DB7C4A00CE7538</key>
		<dict>
			<key>fileRef</key>
			<string>792A477C18DB7C4A00CE7538</string>
			<key>isa</key>
			<string>PBXBuildFile</string>
		</dict>
		<key>792A478118DB7C4A00CE7538</key>
		<dict>
			<key>fileRef</key>
			<string>792A477D18DB7C4A00CE7538</string>
			<key>isa</key>
			<string>PBXBuildFile</string>
		</dict>
		<key>792A478218DB7CB200CE7538</key>
		<dict>
			<key>children</key>
			<array>
				<string>792A476A18DB790E00CE7538</string>
				<string>792A476B18DB790E00CE7538</string>
				<string>792A476C18DB790E00CE7538</string>
				<string>792A476D18DB790E00CE7538</string>
				<string>792A477418DB7B8400CE7538</string>
				<string>792A477218DB7B8400CE7538</string>
				<string>792A477518DB7B8400CE7538</string>
				<string>792A477318DB7B8400CE7538</string>
				<string>792A477C18DB7C4A00CE7538</string>
				<string>792A477A18DB7C4A00CE7538</string>
				<string>792A477D18DB7C4A00CE7538</string>
				<string>792A477B18DB7C4A00CE7538</string>
			</array>
			<key>isa</key>
			<string>PBXGroup</string>
			<key>name</key>
			<string>Web View Controller</string>
			<key>sourceTree</key>
			<string>&lt;group&gt;</string>
		</dict>
		<key>7994EEE618D78B5700CDE54E</key>
		<dict>
			<key>children</key>
			<array>
				<string>7994EEEE18D78C0C00CDE54E</string>
			</array>
			<key>isa</key>
			<string>PBXGroup</string>
			<key>name</key>
			<string>Categories</string>
			<key>sourceTree</key>
			<string>&lt;group&gt;</string>
		</dict>
		<key>7994EEE718D78BAD00CDE54E</key>
		<dict>
			<key>fileEncoding</key>
			<string>4</string>
			<key>isa</key>
			<string>PBXFileReference</string>
			<key>lastKnownFileType</key>
			<string>sourcecode.c.h</string>
			<key>path</key>
			<string>MERPaginatedScrolling.h</string>
			<key>sourceTree</key>
			<string>&lt;group&gt;</string>
		</dict>
		<key>7994EEE818D78BAD00CDE54E</key>
		<dict>
			<key>fileEncoding</key>
			<string>4</string>
			<key>isa</key>
			<string>PBXFileReference</string>
			<key>lastKnownFileType</key>
			<string>sourcecode.c.h</string>
			<key>path</key>
			<string>MERPaginatedScrollingView.h</string>
			<key>sourceTree</key>
			<string>&lt;group&gt;</string>
		</dict>
		<key>7994EEE918D78BAD00CDE54E</key>
		<dict>
			<key>fileEncoding</key>
			<string>4</string>
			<key>isa</key>
			<string>PBXFileReference</string>
			<key>lastKnownFileType</key>
			<string>sourcecode.c.objc</string>
			<key>path</key>
			<string>MERPaginatedScrollingView.m</string>
			<key>sourceTree</key>
			<string>&lt;group&gt;</string>
		</dict>
		<key>7994EEEA18D78BAD00CDE54E</key>
		<dict>
			<key>fileEncoding</key>
			<string>4</string>
			<key>isa</key>
			<string>PBXFileReference</string>
			<key>lastKnownFileType</key>
			<string>sourcecode.c.h</string>
			<key>path</key>
			<string>UIScrollView+MERPaginatedScrollingExtensions.h</string>
			<key>sourceTree</key>
			<string>&lt;group&gt;</string>
		</dict>
		<key>7994EEEB18D78BAD00CDE54E</key>
		<dict>
			<key>fileEncoding</key>
			<string>4</string>
			<key>isa</key>
			<string>PBXFileReference</string>
			<key>lastKnownFileType</key>
			<string>sourcecode.c.objc</string>
			<key>path</key>
			<string>UIScrollView+MERPaginatedScrollingExtensions.m</string>
			<key>sourceTree</key>
			<string>&lt;group&gt;</string>
		</dict>
		<key>7994EEEC18D78BAD00CDE54E</key>
		<dict>
			<key>fileRef</key>
			<string>7994EEE918D78BAD00CDE54E</string>
			<key>isa</key>
			<string>PBXBuildFile</string>
		</dict>
		<key>7994EEED18D78BAD00CDE54E</key>
		<dict>
			<key>fileRef</key>
			<string>7994EEEB18D78BAD00CDE54E</string>
			<key>isa</key>
			<string>PBXBuildFile</string>
		</dict>
		<key>7994EEEE18D78C0C00CDE54E</key>
		<dict>
			<key>children</key>
			<array>
				<string>7994EEEA18D78BAD00CDE54E</string>
				<string>7994EEEB18D78BAD00CDE54E</string>
				<string>7994EEE718D78BAD00CDE54E</string>
				<string>7994EEE818D78BAD00CDE54E</string>
				<string>7994EEE918D78BAD00CDE54E</string>
			</array>
			<key>isa</key>
			<string>PBXGroup</string>
			<key>name</key>
			<string>Paginated Scrolling</string>
			<key>sourceTree</key>
			<string>&lt;group&gt;</string>
		</dict>
		<key>7994EEEF18D78C2200CDE54E</key>
		<dict>
			<key>fileRef</key>
			<string>7994EEEA18D78BAD00CDE54E</string>
			<key>isa</key>
			<string>PBXBuildFile</string>
		</dict>
		<key>7994EEF018D78C2200CDE54E</key>
		<dict>
			<key>fileRef</key>
			<string>7994EEE718D78BAD00CDE54E</string>
			<key>isa</key>
			<string>PBXBuildFile</string>
		</dict>
		<key>7994EEF118D78C2200CDE54E</key>
		<dict>
			<key>fileRef</key>
			<string>7994EEE818D78BAD00CDE54E</string>
			<key>isa</key>
			<string>PBXBuildFile</string>
		</dict>
		<key>7994EEF218D78C6A00CDE54E</key>
		<dict>
			<key>fileEncoding</key>
			<string>4</string>
			<key>isa</key>
			<string>PBXFileReference</string>
			<key>lastKnownFileType</key>
			<string>sourcecode.c.h</string>
			<key>path</key>
			<string>MERPullToRefresh.h</string>
			<key>sourceTree</key>
			<string>&lt;group&gt;</string>
		</dict>
		<key>7994EEF318D78C6A00CDE54E</key>
		<dict>
			<key>fileEncoding</key>
			<string>4</string>
			<key>isa</key>
			<string>PBXFileReference</string>
			<key>lastKnownFileType</key>
			<string>sourcecode.c.h</string>
			<key>path</key>
			<string>MERPullToRefreshView.h</string>
			<key>sourceTree</key>
			<string>&lt;group&gt;</string>
		</dict>
		<key>7994EEF418D78C6A00CDE54E</key>
		<dict>
			<key>fileEncoding</key>
			<string>4</string>
			<key>isa</key>
			<string>PBXFileReference</string>
			<key>lastKnownFileType</key>
			<string>sourcecode.c.objc</string>
			<key>path</key>
			<string>MERPullToRefreshView.m</string>
			<key>sourceTree</key>
			<string>&lt;group&gt;</string>
		</dict>
		<key>7994EEF518D78C6A00CDE54E</key>
		<dict>
			<key>fileEncoding</key>
			<string>4</string>
			<key>isa</key>
			<string>PBXFileReference</string>
			<key>lastKnownFileType</key>
			<string>sourcecode.c.h</string>
			<key>path</key>
			<string>UIScrollView+MERPullToRefreshExtensions.h</string>
			<key>sourceTree</key>
			<string>&lt;group&gt;</string>
		</dict>
		<key>7994EEF618D78C6A00CDE54E</key>
		<dict>
			<key>fileEncoding</key>
			<string>4</string>
			<key>isa</key>
			<string>PBXFileReference</string>
			<key>lastKnownFileType</key>
			<string>sourcecode.c.objc</string>
			<key>path</key>
			<string>UIScrollView+MERPullToRefreshExtensions.m</string>
			<key>sourceTree</key>
			<string>&lt;group&gt;</string>
		</dict>
		<key>7994EEF718D78C6A00CDE54E</key>
		<dict>
			<key>fileRef</key>
			<string>7994EEF418D78C6A00CDE54E</string>
			<key>isa</key>
			<string>PBXBuildFile</string>
		</dict>
		<key>7994EEF818D78C6A00CDE54E</key>
		<dict>
			<key>fileRef</key>
			<string>7994EEF618D78C6A00CDE54E</string>
			<key>isa</key>
			<string>PBXBuildFile</string>
		</dict>
		<key>7994EEF918D78C6E00CDE54E</key>
		<dict>
			<key>children</key>
			<array>
				<string>7994EEF518D78C6A00CDE54E</string>
				<string>7994EEF618D78C6A00CDE54E</string>
				<string>7994EEF218D78C6A00CDE54E</string>
				<string>7994EEF318D78C6A00CDE54E</string>
				<string>7994EEF418D78C6A00CDE54E</string>
			</array>
			<key>isa</key>
			<string>PBXGroup</string>
			<key>name</key>
			<string>Pull to Refresh</string>
			<key>sourceTree</key>
			<string>&lt;group&gt;</string>
		</dict>
		<key>7994EEFA18D78CC900CDE54E</key>
		<dict>
			<key>children</key>
			<array>
				<string>7994EEFB18D78CDC00CDE54E</string>
				<string>7994EEFC18D78CDC00CDE54E</string>
				<string>7994EEFF18D78CDC00CDE54E</string>
				<string>7994EEFD18D78CDC00CDE54E</string>
				<string>7994EEFE18D78CDC00CDE54E</string>
			</array>
			<key>isa</key>
			<string>PBXGroup</string>
			<key>path</key>
			<string>MERSplitViewController</string>
			<key>sourceTree</key>
			<string>&lt;group&gt;</string>
		</dict>
		<key>7994EEFB18D78CDC00CDE54E</key>
		<dict>
			<key>fileEncoding</key>
			<string>4</string>
			<key>isa</key>
			<string>PBXFileReference</string>
			<key>lastKnownFileType</key>
			<string>sourcecode.c.h</string>
			<key>path</key>
			<string>MERSplitViewController.h</string>
			<key>sourceTree</key>
			<string>&lt;group&gt;</string>
		</dict>
		<key>7994EEFC18D78CDC00CDE54E</key>
		<dict>
			<key>fileEncoding</key>
			<string>4</string>
			<key>isa</key>
			<string>PBXFileReference</string>
			<key>lastKnownFileType</key>
			<string>sourcecode.c.objc</string>
			<key>path</key>
			<string>MERSplitViewController.m</string>
			<key>sourceTree</key>
			<string>&lt;group&gt;</string>
		</dict>
		<key>7994EEFD18D78CDC00CDE54E</key>
		<dict>
			<key>fileEncoding</key>
			<string>4</string>
			<key>isa</key>
			<string>PBXFileReference</string>
			<key>lastKnownFileType</key>
			<string>sourcecode.c.h</string>
			<key>path</key>
			<string>MERSplitViewDividerView.h</string>
			<key>sourceTree</key>
			<string>&lt;group&gt;</string>
		</dict>
		<key>7994EEFE18D78CDC00CDE54E</key>
		<dict>
			<key>fileEncoding</key>
			<string>4</string>
			<key>isa</key>
			<string>PBXFileReference</string>
			<key>lastKnownFileType</key>
			<string>sourcecode.c.objc</string>
			<key>path</key>
			<string>MERSplitViewDividerView.m</string>
			<key>sourceTree</key>
			<string>&lt;group&gt;</string>
		</dict>
		<key>7994EEFF18D78CDC00CDE54E</key>
		<dict>
			<key>fileEncoding</key>
			<string>4</string>
			<key>isa</key>
			<string>PBXFileReference</string>
			<key>lastKnownFileType</key>
			<string>sourcecode.c.h</string>
			<key>path</key>
			<string>MERSplitViewDividerViewClass.h</string>
			<key>sourceTree</key>
			<string>&lt;group&gt;</string>
		</dict>
		<key>7994EF0018D78CDC00CDE54E</key>
		<dict>
			<key>fileRef</key>
			<string>7994EEFC18D78CDC00CDE54E</string>
			<key>isa</key>
			<string>PBXBuildFile</string>
		</dict>
		<key>7994EF0118D78CDC00CDE54E</key>
		<dict>
			<key>fileRef</key>
			<string>7994EEFE18D78CDC00CDE54E</string>
			<key>isa</key>
			<string>PBXBuildFile</string>
		</dict>
		<key>7994EF0218D78D0600CDE54E</key>
		<dict>
			<key>fileEncoding</key>
			<string>4</string>
			<key>isa</key>
			<string>PBXFileReference</string>
			<key>lastKnownFileType</key>
			<string>sourcecode.c.h</string>
			<key>path</key>
			<string>MERClockView.h</string>
			<key>sourceTree</key>
			<string>&lt;group&gt;</string>
		</dict>
		<key>7994EF0318D78D0600CDE54E</key>
		<dict>
			<key>fileEncoding</key>
			<string>4</string>
			<key>isa</key>
			<string>PBXFileReference</string>
			<key>lastKnownFileType</key>
			<string>sourcecode.c.objc</string>
			<key>path</key>
			<string>MERClockView.m</string>
			<key>sourceTree</key>
			<string>&lt;group&gt;</string>
		</dict>
		<key>7994EF0418D78D0600CDE54E</key>
		<dict>
			<key>fileRef</key>
			<string>7994EF0318D78D0600CDE54E</string>
			<key>isa</key>
			<string>PBXBuildFile</string>
		</dict>
		<key>7994EF0918D78D2E00CDE54E</key>
		<dict>
			<key>fileRef</key>
			<string>7994EEFB18D78CDC00CDE54E</string>
			<key>isa</key>
			<string>PBXBuildFile</string>
		</dict>
		<key>7994EF0A18D78D2E00CDE54E</key>
		<dict>
			<key>fileRef</key>
			<string>7994EEFF18D78CDC00CDE54E</string>
			<key>isa</key>
			<string>PBXBuildFile</string>
		</dict>
		<key>7994EF0B18D78D2E00CDE54E</key>
		<dict>
			<key>fileRef</key>
			<string>7994EEFD18D78CDC00CDE54E</string>
			<key>isa</key>
			<string>PBXBuildFile</string>
		</dict>
		<key>7994EF0C18D78D3400CDE54E</key>
		<dict>
			<key>fileRef</key>
			<string>7994EF0218D78D0600CDE54E</string>
			<key>isa</key>
			<string>PBXBuildFile</string>
		</dict>
		<key>7994EF0D18D7918C00CDE54E</key>
		<dict>
			<key>children</key>
			<array>
				<string>7994EF0E18D791F400CDE54E</string>
				<string>7994EF0F18D791F400CDE54E</string>
			</array>
			<key>isa</key>
			<string>PBXGroup</string>
			<key>path</key>
			<string>MERSlidingViewController</string>
			<key>sourceTree</key>
			<string>&lt;group&gt;</string>
		</dict>
		<key>7994EF0E18D791F400CDE54E</key>
		<dict>
			<key>fileEncoding</key>
			<string>4</string>
			<key>isa</key>
			<string>PBXFileReference</string>
			<key>lastKnownFileType</key>
			<string>sourcecode.c.h</string>
			<key>path</key>
			<string>MERSlidingViewController.h</string>
			<key>sourceTree</key>
			<string>&lt;group&gt;</string>
		</dict>
		<key>7994EF0F18D791F400CDE54E</key>
		<dict>
			<key>fileEncoding</key>
			<string>4</string>
			<key>isa</key>
			<string>PBXFileReference</string>
			<key>lastKnownFileType</key>
			<string>sourcecode.c.objc</string>
			<key>path</key>
			<string>MERSlidingViewController.m</string>
			<key>sourceTree</key>
			<string>&lt;group&gt;</string>
		</dict>
		<key>7994EF1018D791F400CDE54E</key>
		<dict>
			<key>fileRef</key>
			<string>7994EF0F18D791F400CDE54E</string>
			<key>isa</key>
			<string>PBXBuildFile</string>
		</dict>
		<key>7994EF1118D794C500CDE54E</key>
		<dict>
			<key>fileRef</key>
			<string>7994EF0E18D791F400CDE54E</string>
			<key>isa</key>
			<string>PBXBuildFile</string>
		</dict>
		<key>7994EF1218D795DB00CDE54E</key>
		<dict>
			<key>fileEncoding</key>
			<string>4</string>
			<key>isa</key>
			<string>PBXFileReference</string>
			<key>lastKnownFileType</key>
			<string>sourcecode.c.h</string>
			<key>path</key>
			<string>MERLeftViewController.h</string>
			<key>sourceTree</key>
			<string>&lt;group&gt;</string>
		</dict>
		<key>7994EF1318D795DB00CDE54E</key>
		<dict>
			<key>fileEncoding</key>
			<string>4</string>
			<key>isa</key>
			<string>PBXFileReference</string>
			<key>lastKnownFileType</key>
			<string>sourcecode.c.objc</string>
			<key>path</key>
			<string>MERLeftViewController.m</string>
			<key>sourceTree</key>
			<string>&lt;group&gt;</string>
		</dict>
		<key>7994EF1418D795DB00CDE54E</key>
		<dict>
			<key>fileRef</key>
			<string>7994EF1318D795DB00CDE54E</string>
			<key>isa</key>
			<string>PBXBuildFile</string>
		</dict>
		<key>7994EF1518D798DA00CDE54E</key>
		<dict>
			<key>fileEncoding</key>
			<string>4</string>
			<key>isa</key>
			<string>PBXFileReference</string>
			<key>lastKnownFileType</key>
			<string>sourcecode.c.h</string>
			<key>path</key>
			<string>MERDetailWebViewController.h</string>
			<key>sourceTree</key>
			<string>&lt;group&gt;</string>
		</dict>
		<key>7994EF1618D798DA00CDE54E</key>
		<dict>
			<key>fileEncoding</key>
			<string>4</string>
			<key>isa</key>
			<string>PBXFileReference</string>
			<key>lastKnownFileType</key>
			<string>sourcecode.c.objc</string>
			<key>path</key>
			<string>MERDetailWebViewController.m</string>
			<key>sourceTree</key>
			<string>&lt;group&gt;</string>
		</dict>
		<key>7994EF1718D798DA00CDE54E</key>
		<dict>
			<key>fileRef</key>
			<string>7994EF1618D798DA00CDE54E</string>
			<key>isa</key>
			<string>PBXBuildFile</string>
		</dict>
		<key>7994EF1818D7BAFF00CDE54E</key>
		<dict>
			<key>fileEncoding</key>
			<string>4</string>
			<key>isa</key>
			<string>PBXFileReference</string>
			<key>lastKnownFileType</key>
			<string>sourcecode.c.h</string>
			<key>path</key>
			<string>MERPaginatedScrollingViewController.h</string>
			<key>sourceTree</key>
			<string>&lt;group&gt;</string>
		</dict>
		<key>7994EF1918D7BAFF00CDE54E</key>
		<dict>
			<key>fileEncoding</key>
			<string>4</string>
			<key>isa</key>
			<string>PBXFileReference</string>
			<key>lastKnownFileType</key>
			<string>sourcecode.c.objc</string>
			<key>path</key>
			<string>MERPaginatedScrollingViewController.m</string>
			<key>sourceTree</key>
			<string>&lt;group&gt;</string>
		</dict>
		<key>7994EF1A18D7BAFF00CDE54E</key>
		<dict>
			<key>fileRef</key>
			<string>7994EF1918D7BAFF00CDE54E</string>
			<key>isa</key>
			<string>PBXBuildFile</string>
		</dict>
		<key>7994EF1B18D7BFDC00CDE54E</key>
		<dict>
			<key>fileEncoding</key>
			<string>4</string>
			<key>isa</key>
			<string>PBXFileReference</string>
			<key>lastKnownFileType</key>
			<string>sourcecode.c.h</string>
			<key>path</key>
			<string>MERRootSplitViewController.h</string>
			<key>sourceTree</key>
			<string>&lt;group&gt;</string>
		</dict>
		<key>7994EF1C18D7BFDC00CDE54E</key>
		<dict>
			<key>fileEncoding</key>
			<string>4</string>
			<key>isa</key>
			<string>PBXFileReference</string>
			<key>lastKnownFileType</key>
			<string>sourcecode.c.objc</string>
			<key>path</key>
			<string>MERRootSplitViewController.m</string>
			<key>sourceTree</key>
			<string>&lt;group&gt;</string>
		</dict>
		<key>7994EF1D18D7BFDC00CDE54E</key>
		<dict>
			<key>fileRef</key>
			<string>7994EF1C18D7BFDC00CDE54E</string>
			<key>isa</key>
			<string>PBXBuildFile</string>
		</dict>
		<key>7994EF1E18D7C25900CDE54E</key>
		<dict>
			<key>fileEncoding</key>
			<string>4</string>
			<key>isa</key>
			<string>PBXFileReference</string>
			<key>lastKnownFileType</key>
			<string>sourcecode.c.h</string>
			<key>path</key>
			<string>MERDetailTextViewController.h</string>
			<key>sourceTree</key>
			<string>&lt;group&gt;</string>
		</dict>
		<key>7994EF1F18D7C25900CDE54E</key>
		<dict>
			<key>fileEncoding</key>
			<string>4</string>
			<key>isa</key>
			<string>PBXFileReference</string>
			<key>lastKnownFileType</key>
			<string>sourcecode.c.objc</string>
			<key>path</key>
			<string>MERDetailTextViewController.m</string>
			<key>sourceTree</key>
			<string>&lt;group&gt;</string>
		</dict>
		<key>7994EF2018D7C25900CDE54E</key>
		<dict>
			<key>fileRef</key>
			<string>7994EF1F18D7C25900CDE54E</string>
			<key>isa</key>
			<string>PBXBuildFile</string>
		</dict>
		<key>7994EF6218D7CD9F00CDE54E</key>
		<dict>
			<key>buildActionMask</key>
			<string>2147483647</string>
			<key>files</key>
			<array/>
			<key>inputPaths</key>
			<array/>
			<key>isa</key>
			<string>PBXShellScriptBuildPhase</string>
			<key>name</key>
			<string>genstrings</string>
			<key>outputPaths</key>
			<array/>
			<key>runOnlyForDeploymentPostprocessing</key>
			<string>0</string>
			<key>shellPath</key>
			<string>/bin/sh</string>
			<key>shellScript</key>
			<string>genstrings -s NSLocalizedString -q -o $SRCROOT/MEReactiveKitResources/en.lproj $SRCROOT/$TARGET_NAME/*.m</string>
		</dict>
		<key>7994EF6318D7CFEC00CDE54E</key>
		<dict>
			<key>fileEncoding</key>
			<string>4</string>
			<key>isa</key>
			<string>PBXFileReference</string>
			<key>lastKnownFileType</key>
			<string>sourcecode.c.h</string>
			<key>path</key>
			<string>MERControlsViewController.h</string>
			<key>sourceTree</key>
			<string>&lt;group&gt;</string>
		</dict>
		<key>7994EF6418D7CFEC00CDE54E</key>
		<dict>
			<key>fileEncoding</key>
			<string>4</string>
			<key>isa</key>
			<string>PBXFileReference</string>
			<key>lastKnownFileType</key>
			<string>sourcecode.c.objc</string>
			<key>path</key>
			<string>MERControlsViewController.m</string>
			<key>sourceTree</key>
			<string>&lt;group&gt;</string>
		</dict>
		<key>7994EF6518D7CFEC00CDE54E</key>
		<dict>
			<key>fileRef</key>
			<string>7994EF6418D7CFEC00CDE54E</string>
			<key>isa</key>
			<string>PBXBuildFile</string>
		</dict>
		<key>79E1FAE918D56C1300A2414E</key>
		<dict>
			<key>children</key>
			<array>
				<string>79E1FAF718D56C1300A2414E</string>
				<string>79E1FB2218D56C5C00A2414E</string>
				<string>79E1FB9018D574BE00A2414E</string>
				<string>79E1FAF418D56C1300A2414E</string>
				<string>79E1FAF318D56C1300A2414E</string>
			</array>
			<key>isa</key>
			<string>PBXGroup</string>
			<key>sourceTree</key>
			<string>&lt;group&gt;</string>
		</dict>
		<key>79E1FAEA18D56C1300A2414E</key>
		<dict>
			<key>attributes</key>
			<dict>
				<key>CLASSPREFIX</key>
				<string>MER</string>
				<key>LastUpgradeCheck</key>
				<string>0500</string>
				<key>ORGANIZATIONNAME</key>
				<string>Maestro, LLC.</string>
			</dict>
			<key>buildConfigurationList</key>
			<string>79E1FAED18D56C1300A2414E</string>
			<key>compatibilityVersion</key>
			<string>Xcode 3.2</string>
			<key>developmentRegion</key>
			<string>English</string>
			<key>hasScannedForEncodings</key>
			<string>0</string>
			<key>isa</key>
			<string>PBXProject</string>
			<key>knownRegions</key>
			<array>
				<string>en</string>
			</array>
			<key>mainGroup</key>
			<string>79E1FAE918D56C1300A2414E</string>
			<key>productRefGroup</key>
			<string>79E1FAF318D56C1300A2414E</string>
			<key>projectDirPath</key>
			<string></string>
			<key>projectReferences</key>
			<array/>
			<key>projectRoot</key>
			<string></string>
			<key>targets</key>
			<array>
				<string>79E1FAF118D56C1300A2414E</string>
				<string>79E1FB1E18D56C5C00A2414E</string>
				<string>79E1FB8A18D574BE00A2414E</string>
			</array>
		</dict>
		<key>79E1FAED18D56C1300A2414E</key>
		<dict>
			<key>buildConfigurations</key>
			<array>
				<string>79E1FB1318D56C1300A2414E</string>
				<string>79E1FB1418D56C1300A2414E</string>
			</array>
			<key>defaultConfigurationIsVisible</key>
			<string>0</string>
			<key>defaultConfigurationName</key>
			<string>Release</string>
			<key>isa</key>
			<string>XCConfigurationList</string>
		</dict>
		<key>79E1FAEE18D56C1300A2414E</key>
		<dict>
			<key>buildActionMask</key>
			<string>2147483647</string>
			<key>files</key>
			<array>
				<string>79E1FB5E18D56E3B00A2414E</string>
				<string>79E1FB6218D56E3B00A2414E</string>
				<string>7994EF1018D791F400CDE54E</string>
				<string>7994EEF818D78C6A00CDE54E</string>
				<string>7994EEED18D78BAD00CDE54E</string>
				<string>79E1FB5518D56E3B00A2414E</string>
				<string>79E1FB5418D56E3B00A2414E</string>
				<string>7994EEF718D78C6A00CDE54E</string>
				<string>79E1FB6118D56E3B00A2414E</string>
				<string>7994EEEC18D78BAD00CDE54E</string>
				<string>79E1FBC118D5830D00A2414E</string>
				<string>79E1FB3018D56CE700A2414E</string>
				<string>79E1FB6018D56E3B00A2414E</string>
				<string>79E1FB5F18D56E3B00A2414E</string>
				<string>79E1FB5718D56E3B00A2414E</string>
				<string>79E1FB6318D56E3B00A2414E</string>
				<string>7994EF0018D78CDC00CDE54E</string>
				<string>7994EF0418D78D0600CDE54E</string>
				<string>79E1FB5B18D56E3B00A2414E</string>
				<string>79E1FB5818D56E3B00A2414E</string>
				<string>7994EF0118D78CDC00CDE54E</string>
			</array>
			<key>isa</key>
			<string>PBXSourcesBuildPhase</string>
			<key>runOnlyForDeploymentPostprocessing</key>
			<string>0</string>
		</dict>
		<key>79E1FAEF18D56C1300A2414E</key>
		<dict>
			<key>buildActionMask</key>
			<string>2147483647</string>
			<key>files</key>
			<array>
				<string>79E1FAF618D56C1300A2414E</string>
			</array>
			<key>isa</key>
			<string>PBXFrameworksBuildPhase</string>
			<key>runOnlyForDeploymentPostprocessing</key>
			<string>0</string>
		</dict>
		<key>79E1FAF018D56C1300A2414E</key>
		<dict>
			<key>buildActionMask</key>
			<string>2147483647</string>
			<key>dstPath</key>
			<string>include/$(PRODUCT_NAME)</string>
			<key>dstSubfolderSpec</key>
			<string>16</string>
			<key>files</key>
			<array>
				<string>7902E9BD18D58CAC005903E2</string>
				<string>79E1FBC318D5891500A2414E</string>
				<string>79E1FBC418D5891500A2414E</string>
				<string>7994EEEF18D78C2200CDE54E</string>
				<string>7994EEF018D78C2200CDE54E</string>
				<string>7994EEF118D78C2200CDE54E</string>
				<string>7994EF1118D794C500CDE54E</string>
				<string>7994EF0918D78D2E00CDE54E</string>
				<string>7994EF0A18D78D2E00CDE54E</string>
				<string>7994EF0B18D78D2E00CDE54E</string>
				<string>7994EF0C18D78D3400CDE54E</string>
				<string>79E1FBC618D5891500A2414E</string>
				<string>79E1FBC818D5891500A2414E</string>
				<string>79E1FBCB18D5891500A2414E</string>
				<string>79E1FBCC18D5891500A2414E</string>
				<string>79E1FBCD18D5891500A2414E</string>
				<string>79E1FBCE18D5891500A2414E</string>
				<string>79E1FBCF18D5891500A2414E</string>
				<string>79E1FBD018D5891500A2414E</string>
				<string>79E1FBD118D5891F00A2414E</string>
				<string>79E1FBD218D5891F00A2414E</string>
				<string>79E1FBD318D5891F00A2414E</string>
			</array>
			<key>isa</key>
			<string>PBXCopyFilesBuildPhase</string>
			<key>runOnlyForDeploymentPostprocessing</key>
			<string>0</string>
		</dict>
		<key>79E1FAF118D56C1300A2414E</key>
		<dict>
			<key>buildConfigurationList</key>
			<string>79E1FB1518D56C1300A2414E</string>
			<key>buildPhases</key>
			<array>
				<string>7994EF6218D7CD9F00CDE54E</string>
				<string>79E1FAEE18D56C1300A2414E</string>
				<string>79E1FAEF18D56C1300A2414E</string>
				<string>79E1FAF018D56C1300A2414E</string>
			</array>
			<key>buildRules</key>
			<array/>
			<key>dependencies</key>
			<array>
				<string>79E1FB2D18D56C8A00A2414E</string>
			</array>
			<key>isa</key>
			<string>PBXNativeTarget</string>
			<key>name</key>
			<string>MEReactiveKit</string>
			<key>productName</key>
			<string>MEReactiveKit</string>
			<key>productReference</key>
			<string>79E1FAF218D56C1300A2414E</string>
			<key>productType</key>
			<string>com.apple.product-type.library.static</string>
		</dict>
		<key>79E1FAF218D56C1300A2414E</key>
		<dict>
			<key>explicitFileType</key>
			<string>archive.ar</string>
			<key>includeInIndex</key>
			<string>0</string>
			<key>isa</key>
			<string>PBXFileReference</string>
			<key>path</key>
			<string>libMEReactiveKit.a</string>
			<key>sourceTree</key>
			<string>BUILT_PRODUCTS_DIR</string>
		</dict>
		<key>79E1FAF318D56C1300A2414E</key>
		<dict>
			<key>children</key>
			<array>
				<string>79E1FAF218D56C1300A2414E</string>
				<string>79E1FB1F18D56C5C00A2414E</string>
				<string>79E1FB8B18D574BE00A2414E</string>
			</array>
			<key>isa</key>
			<string>PBXGroup</string>
			<key>name</key>
			<string>Products</string>
			<key>sourceTree</key>
			<string>&lt;group&gt;</string>
		</dict>
		<key>79E1FAF418D56C1300A2414E</key>
		<dict>
			<key>children</key>
			<array>
				<string>79E1FBBD18D5823700A2414E</string>
				<string>79E1FAF518D56C1300A2414E</string>
				<string>79E1FB0318D56C1300A2414E</string>
				<string>79E1FB0618D56C1300A2414E</string>
				<string>79E1FB2018D56C5C00A2414E</string>
				<string>79E1FB8D18D574BE00A2414E</string>
			</array>
			<key>isa</key>
			<string>PBXGroup</string>
			<key>name</key>
			<string>Frameworks</string>
			<key>sourceTree</key>
			<string>&lt;group&gt;</string>
		</dict>
		<key>79E1FAF518D56C1300A2414E</key>
		<dict>
			<key>isa</key>
			<string>PBXFileReference</string>
			<key>lastKnownFileType</key>
			<string>wrapper.framework</string>
			<key>name</key>
			<string>Foundation.framework</string>
			<key>path</key>
			<string>System/Library/Frameworks/Foundation.framework</string>
			<key>sourceTree</key>
			<string>SDKROOT</string>
		</dict>
		<key>79E1FAF618D56C1300A2414E</key>
		<dict>
			<key>fileRef</key>
			<string>79E1FAF518D56C1300A2414E</string>
			<key>isa</key>
			<string>PBXBuildFile</string>
		</dict>
		<key>79E1FAF718D56C1300A2414E</key>
		<dict>
			<key>children</key>
			<array>
				<string>79E1FB3B18D56E3B00A2414E</string>
				<string>79E1FB3118D56CFA00A2414E</string>
				<string>79E1FB6418D56F4200A2414E</string>
				<string>79E1FAF818D56C1300A2414E</string>
			</array>
			<key>isa</key>
			<string>PBXGroup</string>
			<key>path</key>
			<string>MEReactiveKit</string>
			<key>sourceTree</key>
			<string>&lt;group&gt;</string>
		</dict>
		<key>79E1FAF818D56C1300A2414E</key>
		<dict>
			<key>children</key>
			<array>
				<string>79E1FAF918D56C1300A2414E</string>
			</array>
			<key>isa</key>
			<string>PBXGroup</string>
			<key>name</key>
			<string>Supporting Files</string>
			<key>sourceTree</key>
			<string>&lt;group&gt;</string>
		</dict>
		<key>79E1FAF918D56C1300A2414E</key>
		<dict>
			<key>isa</key>
			<string>PBXFileReference</string>
			<key>lastKnownFileType</key>
			<string>sourcecode.c.h</string>
			<key>path</key>
			<string>MEReactiveKit-Prefix.pch</string>
			<key>sourceTree</key>
			<string>&lt;group&gt;</string>
		</dict>
		<key>79E1FB0318D56C1300A2414E</key>
		<dict>
			<key>isa</key>
			<string>PBXFileReference</string>
			<key>lastKnownFileType</key>
			<string>wrapper.framework</string>
			<key>name</key>
			<string>XCTest.framework</string>
			<key>path</key>
			<string>Library/Frameworks/XCTest.framework</string>
			<key>sourceTree</key>
			<string>DEVELOPER_DIR</string>
		</dict>
		<key>79E1FB0618D56C1300A2414E</key>
		<dict>
			<key>isa</key>
			<string>PBXFileReference</string>
			<key>lastKnownFileType</key>
			<string>wrapper.framework</string>
			<key>name</key>
			<string>UIKit.framework</string>
			<key>path</key>
			<string>Library/Frameworks/UIKit.framework</string>
			<key>sourceTree</key>
			<string>DEVELOPER_DIR</string>
		</dict>
		<key>79E1FB1318D56C1300A2414E</key>
		<dict>
			<key>buildSettings</key>
			<dict>
				<key>ALWAYS_SEARCH_USER_PATHS</key>
				<string>NO</string>
				<key>ARCHS</key>
				<string>$(ARCHS_STANDARD_INCLUDING_64_BIT)</string>
				<key>CLANG_CXX_LANGUAGE_STANDARD</key>
				<string>gnu++0x</string>
				<key>CLANG_CXX_LIBRARY</key>
				<string>libc++</string>
				<key>CLANG_ENABLE_MODULES</key>
				<string>YES</string>
				<key>CLANG_ENABLE_OBJC_ARC</key>
				<string>YES</string>
				<key>CLANG_WARN_BOOL_CONVERSION</key>
				<string>YES</string>
				<key>CLANG_WARN_CONSTANT_CONVERSION</key>
				<string>YES</string>
				<key>CLANG_WARN_DIRECT_OBJC_ISA_USAGE</key>
				<string>YES_ERROR</string>
				<key>CLANG_WARN_EMPTY_BODY</key>
				<string>YES</string>
				<key>CLANG_WARN_ENUM_CONVERSION</key>
				<string>YES</string>
				<key>CLANG_WARN_INT_CONVERSION</key>
				<string>YES</string>
				<key>CLANG_WARN_OBJC_ROOT_CLASS</key>
				<string>YES_ERROR</string>
				<key>CLANG_WARN__DUPLICATE_METHOD_MATCH</key>
				<string>YES</string>
				<key>COPY_PHASE_STRIP</key>
				<string>NO</string>
				<key>GCC_C_LANGUAGE_STANDARD</key>
				<string>gnu99</string>
				<key>GCC_DYNAMIC_NO_PIC</key>
				<string>NO</string>
				<key>GCC_OPTIMIZATION_LEVEL</key>
				<string>0</string>
				<key>GCC_PREPROCESSOR_DEFINITIONS</key>
				<array>
					<string>DEBUG=1</string>
					<string>$(inherited)</string>
				</array>
				<key>GCC_SYMBOLS_PRIVATE_EXTERN</key>
				<string>NO</string>
				<key>GCC_WARN_64_TO_32_BIT_CONVERSION</key>
				<string>YES</string>
				<key>GCC_WARN_ABOUT_RETURN_TYPE</key>
				<string>YES_ERROR</string>
				<key>GCC_WARN_UNDECLARED_SELECTOR</key>
				<string>YES</string>
				<key>GCC_WARN_UNINITIALIZED_AUTOS</key>
				<string>YES</string>
				<key>GCC_WARN_UNUSED_FUNCTION</key>
				<string>YES</string>
				<key>GCC_WARN_UNUSED_VARIABLE</key>
				<string>YES</string>
				<key>IPHONEOS_DEPLOYMENT_TARGET</key>
				<string>7.0</string>
				<key>ONLY_ACTIVE_ARCH</key>
				<string>YES</string>
				<key>SDKROOT</key>
				<string>iphoneos</string>
			</dict>
			<key>isa</key>
			<string>XCBuildConfiguration</string>
			<key>name</key>
			<string>Debug</string>
		</dict>
		<key>79E1FB1418D56C1300A2414E</key>
		<dict>
			<key>buildSettings</key>
			<dict>
				<key>ALWAYS_SEARCH_USER_PATHS</key>
				<string>NO</string>
				<key>ARCHS</key>
				<string>$(ARCHS_STANDARD_INCLUDING_64_BIT)</string>
				<key>CLANG_CXX_LANGUAGE_STANDARD</key>
				<string>gnu++0x</string>
				<key>CLANG_CXX_LIBRARY</key>
				<string>libc++</string>
				<key>CLANG_ENABLE_MODULES</key>
				<string>YES</string>
				<key>CLANG_ENABLE_OBJC_ARC</key>
				<string>YES</string>
				<key>CLANG_WARN_BOOL_CONVERSION</key>
				<string>YES</string>
				<key>CLANG_WARN_CONSTANT_CONVERSION</key>
				<string>YES</string>
				<key>CLANG_WARN_DIRECT_OBJC_ISA_USAGE</key>
				<string>YES_ERROR</string>
				<key>CLANG_WARN_EMPTY_BODY</key>
				<string>YES</string>
				<key>CLANG_WARN_ENUM_CONVERSION</key>
				<string>YES</string>
				<key>CLANG_WARN_INT_CONVERSION</key>
				<string>YES</string>
				<key>CLANG_WARN_OBJC_ROOT_CLASS</key>
				<string>YES_ERROR</string>
				<key>CLANG_WARN__DUPLICATE_METHOD_MATCH</key>
				<string>YES</string>
				<key>COPY_PHASE_STRIP</key>
				<string>YES</string>
				<key>ENABLE_NS_ASSERTIONS</key>
				<string>NO</string>
				<key>GCC_C_LANGUAGE_STANDARD</key>
				<string>gnu99</string>
				<key>GCC_WARN_64_TO_32_BIT_CONVERSION</key>
				<string>YES</string>
				<key>GCC_WARN_ABOUT_RETURN_TYPE</key>
				<string>YES_ERROR</string>
				<key>GCC_WARN_UNDECLARED_SELECTOR</key>
				<string>YES</string>
				<key>GCC_WARN_UNINITIALIZED_AUTOS</key>
				<string>YES</string>
				<key>GCC_WARN_UNUSED_FUNCTION</key>
				<string>YES</string>
				<key>GCC_WARN_UNUSED_VARIABLE</key>
				<string>YES</string>
				<key>IPHONEOS_DEPLOYMENT_TARGET</key>
				<string>7.0</string>
				<key>SDKROOT</key>
				<string>iphoneos</string>
				<key>VALIDATE_PRODUCT</key>
				<string>YES</string>
			</dict>
			<key>isa</key>
			<string>XCBuildConfiguration</string>
			<key>name</key>
			<string>Release</string>
		</dict>
		<key>79E1FB1518D56C1300A2414E</key>
		<dict>
			<key>buildConfigurations</key>
			<array>
				<string>79E1FB1618D56C1300A2414E</string>
				<string>79E1FB1718D56C1300A2414E</string>
			</array>
			<key>defaultConfigurationIsVisible</key>
			<string>0</string>
			<key>defaultConfigurationName</key>
			<string>Release</string>
			<key>isa</key>
			<string>XCConfigurationList</string>
		</dict>
		<key>79E1FB1618D56C1300A2414E</key>
		<dict>
			<key>buildSettings</key>
			<dict>
				<key>DSTROOT</key>
				<string>/tmp/MEReactiveKit.dst</string>
				<key>GCC_PRECOMPILE_PREFIX_HEADER</key>
				<string>YES</string>
				<key>GCC_PREFIX_HEADER</key>
				<string>MEReactiveKit/MEReactiveKit-Prefix.pch</string>
				<key>OTHER_LDFLAGS</key>
				<string>$(inherited)</string>
				<key>PRIVATE_HEADERS_FOLDER_PATH</key>
				<string>${PUBLIC_HEADERS_FOLDER_PATH}/${PROJECT_NAME}</string>
				<key>PRODUCT_NAME</key>
				<string>$(TARGET_NAME)</string>
				<key>PUBLIC_HEADERS_FOLDER_PATH</key>
				<string>include</string>
				<key>SKIP_INSTALL</key>
				<string>YES</string>
			</dict>
			<key>isa</key>
			<string>XCBuildConfiguration</string>
			<key>name</key>
			<string>Debug</string>
		</dict>
		<key>79E1FB1718D56C1300A2414E</key>
		<dict>
			<key>buildSettings</key>
			<dict>
				<key>DSTROOT</key>
				<string>/tmp/MEReactiveKit.dst</string>
				<key>GCC_PRECOMPILE_PREFIX_HEADER</key>
				<string>YES</string>
				<key>GCC_PREFIX_HEADER</key>
				<string>MEReactiveKit/MEReactiveKit-Prefix.pch</string>
				<key>OTHER_LDFLAGS</key>
				<string>$(inherited)</string>
				<key>PRIVATE_HEADERS_FOLDER_PATH</key>
				<string>${PUBLIC_HEADERS_FOLDER_PATH}/${PROJECT_NAME}</string>
				<key>PRODUCT_NAME</key>
				<string>$(TARGET_NAME)</string>
				<key>PUBLIC_HEADERS_FOLDER_PATH</key>
				<string>include</string>
				<key>SKIP_INSTALL</key>
				<string>YES</string>
			</dict>
			<key>isa</key>
			<string>XCBuildConfiguration</string>
			<key>name</key>
			<string>Release</string>
		</dict>
		<key>79E1FB1B18D56C5C00A2414E</key>
		<dict>
			<key>buildActionMask</key>
			<string>2147483647</string>
			<key>files</key>
			<array/>
			<key>isa</key>
			<string>PBXSourcesBuildPhase</string>
			<key>runOnlyForDeploymentPostprocessing</key>
			<string>0</string>
		</dict>
		<key>79E1FB1C18D56C5C00A2414E</key>
		<dict>
			<key>buildActionMask</key>
			<string>2147483647</string>
			<key>files</key>
			<array>
				<string>79E1FB2118D56C5C00A2414E</string>
			</array>
			<key>isa</key>
			<string>PBXFrameworksBuildPhase</string>
			<key>runOnlyForDeploymentPostprocessing</key>
			<string>0</string>
		</dict>
		<key>79E1FB1D18D56C5C00A2414E</key>
		<dict>
			<key>buildActionMask</key>
			<string>2147483647</string>
			<key>files</key>
			<array>
				<string>792A477018DB790E00CE7538</string>
				<string>792A477818DB7B8400CE7538</string>
				<string>79E1FB2718D56C5D00A2414E</string>
				<string>792A477118DB790E00CE7538</string>
				<string>792A478118DB7C4A00CE7538</string>
				<string>792A477918DB7B8400CE7538</string>
				<string>792A477E18DB7C4A00CE7538</string>
				<string>792A477618DB7B8400CE7538</string>
				<string>792A477F18DB7C4A00CE7538</string>
				<string>792A476F18DB790E00CE7538</string>
				<string>792A478018DB7C4A00CE7538</string>
				<string>79E1FB8018D5700800A2414E</string>
				<string>792A476E18DB790E00CE7538</string>
				<string>792A477718DB7B8400CE7538</string>
			</array>
			<key>isa</key>
			<string>PBXResourcesBuildPhase</string>
			<key>runOnlyForDeploymentPostprocessing</key>
			<string>0</string>
		</dict>
		<key>79E1FB1E18D56C5C00A2414E</key>
		<dict>
			<key>buildConfigurationList</key>
			<string>79E1FB2918D56C5D00A2414E</string>
			<key>buildPhases</key>
			<array>
				<string>79E1FB1B18D56C5C00A2414E</string>
				<string>79E1FB1C18D56C5C00A2414E</string>
				<string>79E1FB1D18D56C5C00A2414E</string>
			</array>
			<key>buildRules</key>
			<array/>
			<key>dependencies</key>
			<array/>
			<key>isa</key>
			<string>PBXNativeTarget</string>
			<key>name</key>
			<string>MEReactiveKitResources</string>
			<key>productName</key>
			<string>MEReactiveKitResources</string>
			<key>productReference</key>
			<string>79E1FB1F18D56C5C00A2414E</string>
			<key>productType</key>
			<string>com.apple.product-type.bundle</string>
		</dict>
		<key>79E1FB1F18D56C5C00A2414E</key>
		<dict>
			<key>explicitFileType</key>
			<string>wrapper.cfbundle</string>
			<key>includeInIndex</key>
			<string>0</string>
			<key>isa</key>
			<string>PBXFileReference</string>
			<key>path</key>
			<string>MEReactiveKitResources.bundle</string>
			<key>sourceTree</key>
			<string>BUILT_PRODUCTS_DIR</string>
		</dict>
		<key>79E1FB2018D56C5C00A2414E</key>
		<dict>
			<key>isa</key>
			<string>PBXFileReference</string>
			<key>lastKnownFileType</key>
			<string>wrapper.framework</string>
			<key>name</key>
			<string>CoreFoundation.framework</string>
			<key>path</key>
			<string>System/Library/Frameworks/CoreFoundation.framework</string>
			<key>sourceTree</key>
			<string>SDKROOT</string>
		</dict>
		<key>79E1FB2118D56C5C00A2414E</key>
		<dict>
			<key>fileRef</key>
			<string>79E1FB2018D56C5C00A2414E</string>
			<key>isa</key>
			<string>PBXBuildFile</string>
		</dict>
		<key>79E1FB2218D56C5C00A2414E</key>
		<dict>
			<key>children</key>
			<array>
				<string>79E1FB7118D56FFE00A2414E</string>
				<string>79E1FB2318D56C5D00A2414E</string>
			</array>
			<key>isa</key>
			<string>PBXGroup</string>
			<key>path</key>
			<string>MEReactiveKitResources</string>
			<key>sourceTree</key>
			<string>&lt;group&gt;</string>
		</dict>
		<key>79E1FB2318D56C5D00A2414E</key>
		<dict>
			<key>children</key>
			<array>
				<string>79E1FB2418D56C5D00A2414E</string>
				<string>79E1FB2518D56C5D00A2414E</string>
				<string>79E1FB7E18D5700800A2414E</string>
				<string>79E1FB2818D56C5D00A2414E</string>
			</array>
			<key>isa</key>
			<string>PBXGroup</string>
			<key>name</key>
			<string>Supporting Files</string>
			<key>sourceTree</key>
			<string>&lt;group&gt;</string>
		</dict>
		<key>79E1FB2418D56C5D00A2414E</key>
		<dict>
			<key>isa</key>
			<string>PBXFileReference</string>
			<key>lastKnownFileType</key>
			<string>text.plist.xml</string>
			<key>path</key>
			<string>MEReactiveKitResources-Info.plist</string>
			<key>sourceTree</key>
			<string>&lt;group&gt;</string>
		</dict>
		<key>79E1FB2518D56C5D00A2414E</key>
		<dict>
			<key>children</key>
			<array>
				<string>79E1FB2618D56C5D00A2414E</string>
			</array>
			<key>isa</key>
			<string>PBXVariantGroup</string>
			<key>name</key>
			<string>InfoPlist.strings</string>
			<key>sourceTree</key>
			<string>&lt;group&gt;</string>
		</dict>
		<key>79E1FB2618D56C5D00A2414E</key>
		<dict>
			<key>isa</key>
			<string>PBXFileReference</string>
			<key>lastKnownFileType</key>
			<string>text.plist.strings</string>
			<key>name</key>
			<string>en</string>
			<key>path</key>
			<string>en.lproj/InfoPlist.strings</string>
			<key>sourceTree</key>
			<string>&lt;group&gt;</string>
		</dict>
		<key>79E1FB2718D56C5D00A2414E</key>
		<dict>
			<key>fileRef</key>
			<string>79E1FB2518D56C5D00A2414E</string>
			<key>isa</key>
			<string>PBXBuildFile</string>
		</dict>
		<key>79E1FB2818D56C5D00A2414E</key>
		<dict>
			<key>isa</key>
			<string>PBXFileReference</string>
			<key>lastKnownFileType</key>
			<string>sourcecode.c.h</string>
			<key>path</key>
			<string>MEReactiveKitResources-Prefix.pch</string>
			<key>sourceTree</key>
			<string>&lt;group&gt;</string>
		</dict>
		<key>79E1FB2918D56C5D00A2414E</key>
		<dict>
			<key>buildConfigurations</key>
			<array>
				<string>79E1FB2A18D56C5D00A2414E</string>
				<string>79E1FB2B18D56C5D00A2414E</string>
			</array>
			<key>defaultConfigurationIsVisible</key>
			<string>0</string>
			<key>defaultConfigurationName</key>
			<string>Release</string>
			<key>isa</key>
			<string>XCConfigurationList</string>
		</dict>
		<key>79E1FB2A18D56C5D00A2414E</key>
		<dict>
			<key>buildSettings</key>
			<dict>
				<key>COMBINE_HIDPI_IMAGES</key>
				<string>NO</string>
				<key>GCC_ENABLE_OBJC_EXCEPTIONS</key>
				<string>YES</string>
				<key>GCC_PRECOMPILE_PREFIX_HEADER</key>
				<string>YES</string>
				<key>GCC_PREFIX_HEADER</key>
				<string>MEReactiveKitResources/MEReactiveKitResources-Prefix.pch</string>
				<key>GCC_PREPROCESSOR_DEFINITIONS</key>
				<array>
					<string>DEBUG=1</string>
					<string>$(inherited)</string>
				</array>
				<key>INFOPLIST_FILE</key>
				<string>MEReactiveKitResources/MEReactiveKitResources-Info.plist</string>
				<key>INSTALL_PATH</key>
				<string>$(LOCAL_LIBRARY_DIR)/Bundles</string>
				<key>MACOSX_DEPLOYMENT_TARGET</key>
				<string>10.9</string>
				<key>PRODUCT_NAME</key>
				<string>$(TARGET_NAME)</string>
				<key>SDKROOT</key>
				<string>iphoneos</string>
				<key>WRAPPER_EXTENSION</key>
				<string>bundle</string>
			</dict>
			<key>isa</key>
			<string>XCBuildConfiguration</string>
			<key>name</key>
			<string>Debug</string>
		</dict>
		<key>79E1FB2B18D56C5D00A2414E</key>
		<dict>
			<key>buildSettings</key>
			<dict>
				<key>COMBINE_HIDPI_IMAGES</key>
				<string>NO</string>
				<key>DEBUG_INFORMATION_FORMAT</key>
				<string>dwarf-with-dsym</string>
				<key>GCC_ENABLE_OBJC_EXCEPTIONS</key>
				<string>YES</string>
				<key>GCC_PRECOMPILE_PREFIX_HEADER</key>
				<string>YES</string>
				<key>GCC_PREFIX_HEADER</key>
				<string>MEReactiveKitResources/MEReactiveKitResources-Prefix.pch</string>
				<key>INFOPLIST_FILE</key>
				<string>MEReactiveKitResources/MEReactiveKitResources-Info.plist</string>
				<key>INSTALL_PATH</key>
				<string>$(LOCAL_LIBRARY_DIR)/Bundles</string>
				<key>MACOSX_DEPLOYMENT_TARGET</key>
				<string>10.9</string>
				<key>PRODUCT_NAME</key>
				<string>$(TARGET_NAME)</string>
				<key>SDKROOT</key>
				<string>iphoneos</string>
				<key>WRAPPER_EXTENSION</key>
				<string>bundle</string>
			</dict>
			<key>isa</key>
			<string>XCBuildConfiguration</string>
			<key>name</key>
			<string>Release</string>
		</dict>
		<key>79E1FB2C18D56C8A00A2414E</key>
		<dict>
			<key>containerPortal</key>
			<string>79E1FAEA18D56C1300A2414E</string>
			<key>isa</key>
			<string>PBXContainerItemProxy</string>
			<key>proxyType</key>
			<string>1</string>
			<key>remoteGlobalIDString</key>
			<string>79E1FB1E18D56C5C00A2414E</string>
			<key>remoteInfo</key>
			<string>MEReactiveKitResources</string>
		</dict>
		<key>79E1FB2D18D56C8A00A2414E</key>
		<dict>
			<key>isa</key>
			<string>PBXTargetDependency</string>
			<key>target</key>
			<string>79E1FB1E18D56C5C00A2414E</string>
			<key>targetProxy</key>
			<string>79E1FB2C18D56C8A00A2414E</string>
		</dict>
		<key>79E1FB2E18D56CE700A2414E</key>
		<dict>
			<key>fileEncoding</key>
			<string>4</string>
			<key>isa</key>
			<string>PBXFileReference</string>
			<key>lastKnownFileType</key>
			<string>sourcecode.c.h</string>
			<key>path</key>
			<string>MERCommon.h</string>
			<key>sourceTree</key>
			<string>&lt;group&gt;</string>
		</dict>
		<key>79E1FB2F18D56CE700A2414E</key>
		<dict>
			<key>fileEncoding</key>
			<string>4</string>
			<key>isa</key>
			<string>PBXFileReference</string>
			<key>lastKnownFileType</key>
			<string>sourcecode.c.objc</string>
			<key>path</key>
			<string>MERCommon.m</string>
			<key>sourceTree</key>
			<string>&lt;group&gt;</string>
		</dict>
		<key>79E1FB3018D56CE700A2414E</key>
		<dict>
			<key>fileRef</key>
			<string>79E1FB2F18D56CE700A2414E</string>
			<key>isa</key>
			<string>PBXBuildFile</string>
		</dict>
		<key>79E1FB3118D56CFA00A2414E</key>
		<dict>
			<key>children</key>
			<array>
				<string>79E1FB3218D56DE500A2414E</string>
				<string>7994EEE618D78B5700CDE54E</string>
				<string>79E1FB8418D570CF00A2414E</string>
				<string>79E1FB8318D570C200A2414E</string>
				<string>79E1FB8518D5710700A2414E</string>
				<string>79E1FB8618D5710E00A2414E</string>
			</array>
			<key>isa</key>
			<string>PBXGroup</string>
			<key>name</key>
			<string>Public</string>
			<key>sourceTree</key>
			<string>&lt;group&gt;</string>
		</dict>
		<key>79E1FB3218D56DE500A2414E</key>
		<dict>
			<key>children</key>
			<array>
				<string>79E1FB2E18D56CE700A2414E</string>
				<string>79E1FB2F18D56CE700A2414E</string>
			</array>
			<key>isa</key>
			<string>PBXGroup</string>
			<key>path</key>
			<string>Common</string>
			<key>sourceTree</key>
			<string>&lt;group&gt;</string>
		</dict>
		<key>79E1FB3318D56E3B00A2414E</key>
		<dict>
			<key>fileEncoding</key>
			<string>4</string>
			<key>isa</key>
			<string>PBXFileReference</string>
			<key>lastKnownFileType</key>
			<string>sourcecode.c.h</string>
			<key>path</key>
			<string>MERActivityOpenInChrome.h</string>
			<key>sourceTree</key>
			<string>&lt;group&gt;</string>
		</dict>
		<key>79E1FB3418D56E3B00A2414E</key>
		<dict>
			<key>fileEncoding</key>
			<string>4</string>
			<key>isa</key>
			<string>PBXFileReference</string>
			<key>lastKnownFileType</key>
			<string>sourcecode.c.objc</string>
			<key>path</key>
			<string>MERActivityOpenInChrome.m</string>
			<key>sourceTree</key>
			<string>&lt;group&gt;</string>
		</dict>
		<key>79E1FB3518D56E3B00A2414E</key>
		<dict>
			<key>fileEncoding</key>
			<string>4</string>
			<key>isa</key>
			<string>PBXFileReference</string>
			<key>lastKnownFileType</key>
			<string>sourcecode.c.h</string>
			<key>path</key>
			<string>MERActivityOpenInSafari.h</string>
			<key>sourceTree</key>
			<string>&lt;group&gt;</string>
		</dict>
		<key>79E1FB3618D56E3B00A2414E</key>
		<dict>
			<key>fileEncoding</key>
			<string>4</string>
			<key>isa</key>
			<string>PBXFileReference</string>
			<key>lastKnownFileType</key>
			<string>sourcecode.c.objc</string>
			<key>path</key>
			<string>MERActivityOpenInSafari.m</string>
			<key>sourceTree</key>
			<string>&lt;group&gt;</string>
		</dict>
		<key>79E1FB3918D56E3B00A2414E</key>
		<dict>
			<key>fileEncoding</key>
			<string>4</string>
			<key>isa</key>
			<string>PBXFileReference</string>
			<key>lastKnownFileType</key>
			<string>sourcecode.c.h</string>
			<key>path</key>
			<string>MERDatePickerViewButton.h</string>
			<key>sourceTree</key>
			<string>&lt;group&gt;</string>
		</dict>
		<key>79E1FB3A18D56E3B00A2414E</key>
		<dict>
			<key>fileEncoding</key>
			<string>4</string>
			<key>isa</key>
			<string>PBXFileReference</string>
			<key>lastKnownFileType</key>
			<string>sourcecode.c.objc</string>
			<key>path</key>
			<string>MERDatePickerViewButton.m</string>
			<key>sourceTree</key>
			<string>&lt;group&gt;</string>
		</dict>
		<key>79E1FB3B18D56E3B00A2414E</key>
		<dict>
			<key>fileEncoding</key>
			<string>4</string>
			<key>isa</key>
			<string>PBXFileReference</string>
			<key>lastKnownFileType</key>
			<string>sourcecode.c.h</string>
			<key>path</key>
			<string>MEReactiveKit.h</string>
			<key>sourceTree</key>
			<string>&lt;group&gt;</string>
		</dict>
		<key>79E1FB3C18D56E3B00A2414E</key>
		<dict>
			<key>fileEncoding</key>
			<string>4</string>
			<key>isa</key>
			<string>PBXFileReference</string>
			<key>lastKnownFileType</key>
			<string>sourcecode.c.h</string>
			<key>path</key>
			<string>MERNextPreviousInputAccessoryView.h</string>
			<key>sourceTree</key>
			<string>&lt;group&gt;</string>
		</dict>
		<key>79E1FB3D18D56E3B00A2414E</key>
		<dict>
			<key>fileEncoding</key>
			<string>4</string>
			<key>isa</key>
			<string>PBXFileReference</string>
			<key>lastKnownFileType</key>
			<string>sourcecode.c.objc</string>
			<key>path</key>
			<string>MERNextPreviousInputAccessoryView.m</string>
			<key>sourceTree</key>
			<string>&lt;group&gt;</string>
		</dict>
		<key>79E1FB4218D56E3B00A2414E</key>
		<dict>
			<key>fileEncoding</key>
			<string>4</string>
			<key>isa</key>
			<string>PBXFileReference</string>
			<key>lastKnownFileType</key>
			<string>sourcecode.c.h</string>
			<key>path</key>
			<string>MERPickerViewButton.h</string>
			<key>sourceTree</key>
			<string>&lt;group&gt;</string>
		</dict>
		<key>79E1FB4318D56E3B00A2414E</key>
		<dict>
			<key>fileEncoding</key>
			<string>4</string>
			<key>isa</key>
			<string>PBXFileReference</string>
			<key>lastKnownFileType</key>
			<string>sourcecode.c.objc</string>
			<key>path</key>
			<string>MERPickerViewButton.m</string>
			<key>sourceTree</key>
			<string>&lt;group&gt;</string>
		</dict>
		<key>79E1FB4818D56E3B00A2414E</key>
		<dict>
			<key>fileEncoding</key>
			<string>4</string>
			<key>isa</key>
			<string>PBXFileReference</string>
			<key>lastKnownFileType</key>
			<string>sourcecode.c.h</string>
			<key>path</key>
			<string>MERTableViewCell.h</string>
			<key>sourceTree</key>
			<string>&lt;group&gt;</string>
		</dict>
		<key>79E1FB4918D56E3B00A2414E</key>
		<dict>
			<key>fileEncoding</key>
			<string>4</string>
			<key>isa</key>
			<string>PBXFileReference</string>
			<key>lastKnownFileType</key>
			<string>sourcecode.c.objc</string>
			<key>path</key>
			<string>MERTableViewCell.m</string>
			<key>sourceTree</key>
			<string>&lt;group&gt;</string>
		</dict>
		<key>79E1FB4A18D56E3B00A2414E</key>
		<dict>
			<key>fileEncoding</key>
			<string>4</string>
			<key>isa</key>
			<string>PBXFileReference</string>
			<key>lastKnownFileType</key>
			<string>sourcecode.c.h</string>
			<key>path</key>
			<string>MERTextField.h</string>
			<key>sourceTree</key>
			<string>&lt;group&gt;</string>
		</dict>
		<key>79E1FB4B18D56E3B00A2414E</key>
		<dict>
			<key>fileEncoding</key>
			<string>4</string>
			<key>isa</key>
			<string>PBXFileReference</string>
			<key>lastKnownFileType</key>
			<string>sourcecode.c.objc</string>
			<key>path</key>
			<string>MERTextField.m</string>
			<key>sourceTree</key>
			<string>&lt;group&gt;</string>
		</dict>
		<key>79E1FB4C18D56E3B00A2414E</key>
		<dict>
			<key>fileEncoding</key>
			<string>4</string>
			<key>isa</key>
			<string>PBXFileReference</string>
			<key>lastKnownFileType</key>
			<string>sourcecode.c.h</string>
			<key>path</key>
			<string>MERTextView.h</string>
			<key>sourceTree</key>
			<string>&lt;group&gt;</string>
		</dict>
		<key>79E1FB4D18D56E3B00A2414E</key>
		<dict>
			<key>fileEncoding</key>
			<string>4</string>
			<key>isa</key>
			<string>PBXFileReference</string>
			<key>lastKnownFileType</key>
			<string>sourcecode.c.objc</string>
			<key>path</key>
			<string>MERTextView.m</string>
			<key>sourceTree</key>
			<string>&lt;group&gt;</string>
		</dict>
		<key>79E1FB4E18D56E3B00A2414E</key>
		<dict>
			<key>fileEncoding</key>
			<string>4</string>
			<key>isa</key>
			<string>PBXFileReference</string>
			<key>lastKnownFileType</key>
			<string>sourcecode.c.h</string>
			<key>path</key>
			<string>MERView.h</string>
			<key>sourceTree</key>
			<string>&lt;group&gt;</string>
		</dict>
		<key>79E1FB4F18D56E3B00A2414E</key>
		<dict>
			<key>fileEncoding</key>
			<string>4</string>
			<key>isa</key>
			<string>PBXFileReference</string>
			<key>lastKnownFileType</key>
			<string>sourcecode.c.objc</string>
			<key>path</key>
			<string>MERView.m</string>
			<key>sourceTree</key>
			<string>&lt;group&gt;</string>
		</dict>
		<key>79E1FB5018D56E3B00A2414E</key>
		<dict>
			<key>fileEncoding</key>
			<string>4</string>
			<key>isa</key>
			<string>PBXFileReference</string>
			<key>lastKnownFileType</key>
			<string>sourcecode.c.h</string>
			<key>path</key>
			<string>MERViewController.h</string>
			<key>sourceTree</key>
			<string>&lt;group&gt;</string>
		</dict>
		<key>79E1FB5118D56E3B00A2414E</key>
		<dict>
			<key>fileEncoding</key>
			<string>4</string>
			<key>isa</key>
			<string>PBXFileReference</string>
			<key>lastKnownFileType</key>
			<string>sourcecode.c.objc</string>
			<key>path</key>
			<string>MERViewController.m</string>
			<key>sourceTree</key>
			<string>&lt;group&gt;</string>
		</dict>
		<key>79E1FB5218D56E3B00A2414E</key>
		<dict>
			<key>fileEncoding</key>
			<string>4</string>
			<key>isa</key>
			<string>PBXFileReference</string>
			<key>lastKnownFileType</key>
			<string>sourcecode.c.h</string>
			<key>path</key>
			<string>MERWebViewController.h</string>
			<key>sourceTree</key>
			<string>&lt;group&gt;</string>
		</dict>
		<key>79E1FB5318D56E3B00A2414E</key>
		<dict>
			<key>fileEncoding</key>
			<string>4</string>
			<key>isa</key>
			<string>PBXFileReference</string>
			<key>lastKnownFileType</key>
			<string>sourcecode.c.objc</string>
			<key>path</key>
			<string>MERWebViewController.m</string>
			<key>sourceTree</key>
			<string>&lt;group&gt;</string>
		</dict>
		<key>79E1FB5418D56E3B00A2414E</key>
		<dict>
			<key>fileRef</key>
			<string>79E1FB3418D56E3B00A2414E</string>
			<key>isa</key>
			<string>PBXBuildFile</string>
		</dict>
		<key>79E1FB5518D56E3B00A2414E</key>
		<dict>
			<key>fileRef</key>
			<string>79E1FB3618D56E3B00A2414E</string>
			<key>isa</key>
			<string>PBXBuildFile</string>
		</dict>
		<key>79E1FB5718D56E3B00A2414E</key>
		<dict>
			<key>fileRef</key>
			<string>79E1FB3A18D56E3B00A2414E</string>
			<key>isa</key>
			<string>PBXBuildFile</string>
		</dict>
		<key>79E1FB5818D56E3B00A2414E</key>
		<dict>
			<key>fileRef</key>
			<string>79E1FB3D18D56E3B00A2414E</string>
			<key>isa</key>
			<string>PBXBuildFile</string>
		</dict>
		<key>79E1FB5B18D56E3B00A2414E</key>
		<dict>
			<key>fileRef</key>
			<string>79E1FB4318D56E3B00A2414E</string>
			<key>isa</key>
			<string>PBXBuildFile</string>
		</dict>
		<key>79E1FB5E18D56E3B00A2414E</key>
		<dict>
			<key>fileRef</key>
			<string>79E1FB4918D56E3B00A2414E</string>
			<key>isa</key>
			<string>PBXBuildFile</string>
		</dict>
		<key>79E1FB5F18D56E3B00A2414E</key>
		<dict>
			<key>fileRef</key>
			<string>79E1FB4B18D56E3B00A2414E</string>
			<key>isa</key>
			<string>PBXBuildFile</string>
		</dict>
		<key>79E1FB6018D56E3B00A2414E</key>
		<dict>
			<key>fileRef</key>
			<string>79E1FB4D18D56E3B00A2414E</string>
			<key>isa</key>
			<string>PBXBuildFile</string>
		</dict>
		<key>79E1FB6118D56E3B00A2414E</key>
		<dict>
			<key>fileRef</key>
			<string>79E1FB4F18D56E3B00A2414E</string>
			<key>isa</key>
			<string>PBXBuildFile</string>
		</dict>
		<key>79E1FB6218D56E3B00A2414E</key>
		<dict>
			<key>fileRef</key>
			<string>79E1FB5118D56E3B00A2414E</string>
			<key>isa</key>
			<string>PBXBuildFile</string>
		</dict>
		<key>79E1FB6318D56E3B00A2414E</key>
		<dict>
			<key>fileRef</key>
			<string>79E1FB5318D56E3B00A2414E</string>
			<key>isa</key>
			<string>PBXBuildFile</string>
		</dict>
		<key>79E1FB6418D56F4200A2414E</key>
		<dict>
			<key>children</key>
			<array>
				<string>79E1FB8118D5702700A2414E</string>
			</array>
			<key>isa</key>
			<string>PBXGroup</string>
			<key>path</key>
			<string>Private</string>
			<key>sourceTree</key>
			<string>&lt;group&gt;</string>
		</dict>
		<key>79E1FB7118D56FFE00A2414E</key>
		<dict>
			<key>children</key>
			<array>
				<string>792A478218DB7CB200CE7538</string>
			</array>
			<key>isa</key>
			<string>PBXGroup</string>
			<key>path</key>
			<string>Assets</string>
			<key>sourceTree</key>
			<string>&lt;group&gt;</string>
		</dict>
		<key>79E1FB7E18D5700800A2414E</key>
		<dict>
			<key>children</key>
			<array>
				<string>79E1FB7F18D5700800A2414E</string>
			</array>
			<key>isa</key>
			<string>PBXVariantGroup</string>
			<key>name</key>
			<string>Localizable.strings</string>
			<key>sourceTree</key>
			<string>&lt;group&gt;</string>
		</dict>
		<key>79E1FB7F18D5700800A2414E</key>
		<dict>
			<key>isa</key>
			<string>PBXFileReference</string>
			<key>lastKnownFileType</key>
			<string>text.plist.strings</string>
			<key>name</key>
			<string>en</string>
			<key>path</key>
			<string>en.lproj/Localizable.strings</string>
			<key>sourceTree</key>
			<string>&lt;group&gt;</string>
		</dict>
		<key>79E1FB8018D5700800A2414E</key>
		<dict>
			<key>fileRef</key>
			<string>79E1FB7E18D5700800A2414E</string>
			<key>isa</key>
			<string>PBXBuildFile</string>
		</dict>
		<key>79E1FB8118D5702700A2414E</key>
		<dict>
			<key>children</key>
			<array>
				<string>7994EEF918D78C6E00CDE54E</string>
			</array>
			<key>isa</key>
			<string>PBXGroup</string>
			<key>name</key>
			<string>Categories</string>
			<key>sourceTree</key>
			<string>&lt;group&gt;</string>
		</dict>
		<key>79E1FB8218D5703800A2414E</key>
		<dict>
			<key>children</key>
			<array>
				<string>79E1FB5218D56E3B00A2414E</string>
				<string>79E1FB5318D56E3B00A2414E</string>
				<string>79E1FB3318D56E3B00A2414E</string>
				<string>79E1FB3418D56E3B00A2414E</string>
				<string>79E1FB3518D56E3B00A2414E</string>
				<string>79E1FB3618D56E3B00A2414E</string>
			</array>
			<key>isa</key>
			<string>PBXGroup</string>
			<key>path</key>
			<string>MERWebViewController</string>
			<key>sourceTree</key>
			<string>&lt;group&gt;</string>
		</dict>
		<key>79E1FB8318D570C200A2414E</key>
		<dict>
			<key>children</key>
			<array>
				<string>79E1FB3918D56E3B00A2414E</string>
				<string>79E1FB3A18D56E3B00A2414E</string>
				<string>79E1FB4218D56E3B00A2414E</string>
				<string>79E1FB4318D56E3B00A2414E</string>
				<string>79E1FB4A18D56E3B00A2414E</string>
				<string>79E1FB4B18D56E3B00A2414E</string>
			</array>
			<key>isa</key>
			<string>PBXGroup</string>
			<key>name</key>
			<string>Controls</string>
			<key>sourceTree</key>
			<string>&lt;group&gt;</string>
		</dict>
		<key>79E1FB8418D570CF00A2414E</key>
		<dict>
			<key>children</key>
			<array>
				<string>79E1FB4818D56E3B00A2414E</string>
				<string>79E1FB4918D56E3B00A2414E</string>
			</array>
			<key>isa</key>
			<string>PBXGroup</string>
			<key>name</key>
			<string>Cells</string>
			<key>sourceTree</key>
			<string>&lt;group&gt;</string>
		</dict>
		<key>79E1FB8518D5710700A2414E</key>
		<dict>
			<key>children</key>
			<array>
				<string>79E1FB4E18D56E3B00A2414E</string>
				<string>79E1FB4F18D56E3B00A2414E</string>
				<string>7994EF0218D78D0600CDE54E</string>
				<string>7994EF0318D78D0600CDE54E</string>
				<string>79E1FB3C18D56E3B00A2414E</string>
				<string>79E1FB3D18D56E3B00A2414E</string>
				<string>79E1FBBF18D5830D00A2414E</string>
				<string>79E1FBC018D5830D00A2414E</string>
				<string>79E1FB4C18D56E3B00A2414E</string>
				<string>79E1FB4D18D56E3B00A2414E</string>
			</array>
			<key>isa</key>
			<string>PBXGroup</string>
			<key>name</key>
			<string>Views</string>
			<key>sourceTree</key>
			<string>&lt;group&gt;</string>
		</dict>
		<key>79E1FB8618D5710E00A2414E</key>
		<dict>
			<key>children</key>
			<array>
				<string>79E1FB5018D56E3B00A2414E</string>
				<string>79E1FB5118D56E3B00A2414E</string>
				<string>7994EF0D18D7918C00CDE54E</string>
				<string>7994EEFA18D78CC900CDE54E</string>
				<string>79E1FB8218D5703800A2414E</string>
			</array>
			<key>isa</key>
			<string>PBXGroup</string>
			<key>name</key>
			<string>View Controllers</string>
			<key>path</key>
			<string>ViewControllers</string>
			<key>sourceTree</key>
			<string>&lt;group&gt;</string>
		</dict>
		<key>79E1FB8718D574BE00A2414E</key>
		<dict>
			<key>buildActionMask</key>
			<string>2147483647</string>
			<key>files</key>
			<array>
				<string>79E1FB9718D574BE00A2414E</string>
				<string>7994EF1718D798DA00CDE54E</string>
				<string>7994EF2018D7C25900CDE54E</string>
				<string>7994EF6518D7CFEC00CDE54E</string>
				<string>7994EF1D18D7BFDC00CDE54E</string>
				<string>79E1FB9B18D574BE00A2414E</string>
				<string>7994EF1A18D7BAFF00CDE54E</string>
				<string>7994EF1418D795DB00CDE54E</string>
				<string>7902E9C018D58CFF005903E2</string>
				<string>79E1FBBA18D57CD800A2414E</string>
			</array>
			<key>isa</key>
			<string>PBXSourcesBuildPhase</string>
			<key>runOnlyForDeploymentPostprocessing</key>
			<string>0</string>
		</dict>
		<key>79E1FB8818D574BE00A2414E</key>
		<dict>
			<key>buildActionMask</key>
			<string>2147483647</string>
			<key>files</key>
			<array>
				<string>7902E9BC18D58ABA005903E2</string>
				<string>79E1FB8E18D574BE00A2414E</string>
				<string>79E1FB8F18D574BE00A2414E</string>
				<string>79E1FB8C18D574BE00A2414E</string>
			</array>
			<key>isa</key>
			<string>PBXFrameworksBuildPhase</string>
			<key>runOnlyForDeploymentPostprocessing</key>
			<string>0</string>
		</dict>
		<key>79E1FB8918D574BE00A2414E</key>
		<dict>
			<key>buildActionMask</key>
			<string>2147483647</string>
			<key>files</key>
			<array>
				<string>7902E9BB18D58AAD005903E2</string>
				<string>79E1FB9518D574BE00A2414E</string>
				<string>79E1FB9D18D574BE00A2414E</string>
			</array>
			<key>isa</key>
			<string>PBXResourcesBuildPhase</string>
			<key>runOnlyForDeploymentPostprocessing</key>
			<string>0</string>
		</dict>
		<key>79E1FB8A18D574BE00A2414E</key>
		<dict>
			<key>buildConfigurationList</key>
			<string>79E1FBB018D574BE00A2414E</string>
			<key>buildPhases</key>
			<array>
				<string>79E1FB8718D574BE00A2414E</string>
				<string>79E1FB8818D574BE00A2414E</string>
				<string>79E1FB8918D574BE00A2414E</string>
			</array>
			<key>buildRules</key>
			<array/>
			<key>dependencies</key>
			<array>
				<string>7902E9BA18D58AA3005903E2</string>
			</array>
			<key>isa</key>
			<string>PBXNativeTarget</string>
			<key>name</key>
			<string>MEReactiveKitDemo</string>
			<key>productName</key>
			<string>MEReactiveKitDemo</string>
			<key>productReference</key>
			<string>79E1FB8B18D574BE00A2414E</string>
			<key>productType</key>
			<string>com.apple.product-type.application</string>
		</dict>
		<key>79E1FB8B18D574BE00A2414E</key>
		<dict>
			<key>explicitFileType</key>
			<string>wrapper.application</string>
			<key>includeInIndex</key>
			<string>0</string>
			<key>isa</key>
			<string>PBXFileReference</string>
			<key>path</key>
			<string>MEReactiveKitDemo.app</string>
			<key>sourceTree</key>
			<string>BUILT_PRODUCTS_DIR</string>
		</dict>
		<key>79E1FB8C18D574BE00A2414E</key>
		<dict>
			<key>fileRef</key>
			<string>79E1FAF518D56C1300A2414E</string>
			<key>isa</key>
			<string>PBXBuildFile</string>
		</dict>
		<key>79E1FB8D18D574BE00A2414E</key>
		<dict>
			<key>isa</key>
			<string>PBXFileReference</string>
			<key>lastKnownFileType</key>
			<string>wrapper.framework</string>
			<key>name</key>
			<string>CoreGraphics.framework</string>
			<key>path</key>
			<string>System/Library/Frameworks/CoreGraphics.framework</string>
			<key>sourceTree</key>
			<string>SDKROOT</string>
		</dict>
		<key>79E1FB8E18D574BE00A2414E</key>
		<dict>
			<key>fileRef</key>
			<string>79E1FB8D18D574BE00A2414E</string>
			<key>isa</key>
			<string>PBXBuildFile</string>
		</dict>
		<key>79E1FB8F18D574BE00A2414E</key>
		<dict>
			<key>fileRef</key>
			<string>79E1FB0618D56C1300A2414E</string>
			<key>isa</key>
			<string>PBXBuildFile</string>
		</dict>
		<key>79E1FB9018D574BE00A2414E</key>
		<dict>
			<key>children</key>
			<array>
				<string>79E1FB9918D574BE00A2414E</string>
				<string>79E1FB9A18D574BE00A2414E</string>
				<string>7994EF1B18D7BFDC00CDE54E</string>
				<string>7994EF1C18D7BFDC00CDE54E</string>
				<string>79E1FBB818D57CD800A2414E</string>
				<string>79E1FBB918D57CD800A2414E</string>
				<string>7994EF1218D795DB00CDE54E</string>
				<string>7994EF1318D795DB00CDE54E</string>
				<string>7994EF1518D798DA00CDE54E</string>
				<string>7994EF1618D798DA00CDE54E</string>
				<string>7902E9BE18D58CFF005903E2</string>
				<string>7902E9BF18D58CFF005903E2</string>
				<string>7994EF1818D7BAFF00CDE54E</string>
				<string>7994EF1918D7BAFF00CDE54E</string>
				<string>7994EF1E18D7C25900CDE54E</string>
				<string>7994EF1F18D7C25900CDE54E</string>
				<string>7994EF6318D7CFEC00CDE54E</string>
				<string>7994EF6418D7CFEC00CDE54E</string>
				<string>79E1FB9C18D574BE00A2414E</string>
				<string>79E1FB9118D574BE00A2414E</string>
			</array>
			<key>isa</key>
			<string>PBXGroup</string>
			<key>path</key>
			<string>MEReactiveKitDemo</string>
			<key>sourceTree</key>
			<string>&lt;group&gt;</string>
		</dict>
		<key>79E1FB9118D574BE00A2414E</key>
		<dict>
			<key>children</key>
			<array>
				<string>79E1FB9218D574BE00A2414E</string>
				<string>79E1FB9318D574BE00A2414E</string>
				<string>79E1FB9618D574BE00A2414E</string>
				<string>79E1FB9818D574BE00A2414E</string>
			</array>
			<key>isa</key>
			<string>PBXGroup</string>
			<key>name</key>
			<string>Supporting Files</string>
			<key>sourceTree</key>
			<string>&lt;group&gt;</string>
		</dict>
		<key>79E1FB9218D574BE00A2414E</key>
		<dict>
			<key>isa</key>
			<string>PBXFileReference</string>
			<key>lastKnownFileType</key>
			<string>text.plist.xml</string>
			<key>path</key>
			<string>MEReactiveKitDemo-Info.plist</string>
			<key>sourceTree</key>
			<string>&lt;group&gt;</string>
		</dict>
		<key>79E1FB9318D574BE00A2414E</key>
		<dict>
			<key>children</key>
			<array>
				<string>79E1FB9418D574BE00A2414E</string>
			</array>
			<key>isa</key>
			<string>PBXVariantGroup</string>
			<key>name</key>
			<string>InfoPlist.strings</string>
			<key>sourceTree</key>
			<string>&lt;group&gt;</string>
		</dict>
		<key>79E1FB9418D574BE00A2414E</key>
		<dict>
			<key>isa</key>
			<string>PBXFileReference</string>
			<key>lastKnownFileType</key>
			<string>text.plist.strings</string>
			<key>name</key>
			<string>en</string>
			<key>path</key>
			<string>en.lproj/InfoPlist.strings</string>
			<key>sourceTree</key>
			<string>&lt;group&gt;</string>
		</dict>
		<key>79E1FB9518D574BE00A2414E</key>
		<dict>
			<key>fileRef</key>
			<string>79E1FB9318D574BE00A2414E</string>
			<key>isa</key>
			<string>PBXBuildFile</string>
		</dict>
		<key>79E1FB9618D574BE00A2414E</key>
		<dict>
			<key>isa</key>
			<string>PBXFileReference</string>
			<key>lastKnownFileType</key>
			<string>sourcecode.c.objc</string>
			<key>path</key>
			<string>main.m</string>
			<key>sourceTree</key>
			<string>&lt;group&gt;</string>
		</dict>
		<key>79E1FB9718D574BE00A2414E</key>
		<dict>
			<key>fileRef</key>
			<string>79E1FB9618D574BE00A2414E</string>
			<key>isa</key>
			<string>PBXBuildFile</string>
		</dict>
		<key>79E1FB9818D574BE00A2414E</key>
		<dict>
			<key>isa</key>
			<string>PBXFileReference</string>
			<key>lastKnownFileType</key>
			<string>sourcecode.c.h</string>
			<key>path</key>
			<string>MEReactiveKitDemo-Prefix.pch</string>
			<key>sourceTree</key>
			<string>&lt;group&gt;</string>
		</dict>
		<key>79E1FB9918D574BE00A2414E</key>
		<dict>
			<key>isa</key>
			<string>PBXFileReference</string>
			<key>lastKnownFileType</key>
			<string>sourcecode.c.h</string>
			<key>path</key>
			<string>MERAppDelegate.h</string>
			<key>sourceTree</key>
			<string>&lt;group&gt;</string>
		</dict>
		<key>79E1FB9A18D574BE00A2414E</key>
		<dict>
			<key>isa</key>
			<string>PBXFileReference</string>
			<key>lastKnownFileType</key>
			<string>sourcecode.c.objc</string>
			<key>path</key>
			<string>MERAppDelegate.m</string>
			<key>sourceTree</key>
			<string>&lt;group&gt;</string>
		</dict>
		<key>79E1FB9B18D574BE00A2414E</key>
		<dict>
			<key>fileRef</key>
			<string>79E1FB9A18D574BE00A2414E</string>
			<key>isa</key>
			<string>PBXBuildFile</string>
		</dict>
		<key>79E1FB9C18D574BE00A2414E</key>
		<dict>
			<key>isa</key>
			<string>PBXFileReference</string>
			<key>lastKnownFileType</key>
			<string>folder.assetcatalog</string>
			<key>path</key>
			<string>Images.xcassets</string>
			<key>sourceTree</key>
			<string>&lt;group&gt;</string>
		</dict>
		<key>79E1FB9D18D574BE00A2414E</key>
		<dict>
			<key>fileRef</key>
			<string>79E1FB9C18D574BE00A2414E</string>
			<key>isa</key>
			<string>PBXBuildFile</string>
		</dict>
		<key>79E1FBB018D574BE00A2414E</key>
		<dict>
			<key>buildConfigurations</key>
			<array>
				<string>79E1FBB118D574BE00A2414E</string>
				<string>79E1FBB218D574BE00A2414E</string>
			</array>
			<key>defaultConfigurationIsVisible</key>
			<string>0</string>
			<key>defaultConfigurationName</key>
			<string>Release</string>
			<key>isa</key>
			<string>XCConfigurationList</string>
		</dict>
		<key>79E1FBB118D574BE00A2414E</key>
		<dict>
			<key>buildSettings</key>
			<dict>
				<key>ARCHS</key>
				<string>$(ARCHS_STANDARD_INCLUDING_64_BIT)</string>
				<key>ASSETCATALOG_COMPILER_APPICON_NAME</key>
				<string>AppIcon</string>
				<key>ASSETCATALOG_COMPILER_LAUNCHIMAGE_NAME</key>
				<string>LaunchImage</string>
				<key>CODE_SIGN_IDENTITY[sdk=iphoneos*]</key>
				<string>iPhone Developer</string>
				<key>FRAMEWORK_SEARCH_PATHS</key>
				<array>
					<string>$(inherited)</string>
					<string>$(DEVELOPER_FRAMEWORKS_DIR)</string>
				</array>
				<key>GCC_PRECOMPILE_PREFIX_HEADER</key>
				<string>YES</string>
				<key>GCC_PREFIX_HEADER</key>
				<string>MEReactiveKitDemo/MEReactiveKitDemo-Prefix.pch</string>
				<key>GCC_PREPROCESSOR_DEFINITIONS</key>
				<array>
					<string>DEBUG=1</string>
					<string>$(inherited)</string>
				</array>
				<key>HEADER_SEARCH_PATHS</key>
				<string>$(inherited)</string>
				<key>INFOPLIST_FILE</key>
				<string>MEReactiveKitDemo/MEReactiveKitDemo-Info.plist</string>
				<key>PRODUCT_NAME</key>
				<string>$(TARGET_NAME)</string>
				<key>TARGETED_DEVICE_FAMILY</key>
				<string>1,2</string>
				<key>WRAPPER_EXTENSION</key>
				<string>app</string>
			</dict>
			<key>isa</key>
			<string>XCBuildConfiguration</string>
			<key>name</key>
			<string>Debug</string>
		</dict>
		<key>79E1FBB218D574BE00A2414E</key>
		<dict>
			<key>buildSettings</key>
			<dict>
				<key>ARCHS</key>
				<string>$(ARCHS_STANDARD_INCLUDING_64_BIT)</string>
				<key>ASSETCATALOG_COMPILER_APPICON_NAME</key>
				<string>AppIcon</string>
				<key>ASSETCATALOG_COMPILER_LAUNCHIMAGE_NAME</key>
				<string>LaunchImage</string>
				<key>CODE_SIGN_IDENTITY[sdk=iphoneos*]</key>
				<string>iPhone Developer</string>
				<key>FRAMEWORK_SEARCH_PATHS</key>
				<array>
					<string>$(inherited)</string>
					<string>$(DEVELOPER_FRAMEWORKS_DIR)</string>
				</array>
				<key>GCC_PRECOMPILE_PREFIX_HEADER</key>
				<string>YES</string>
				<key>GCC_PREFIX_HEADER</key>
				<string>MEReactiveKitDemo/MEReactiveKitDemo-Prefix.pch</string>
				<key>HEADER_SEARCH_PATHS</key>
				<string>$(inherited)</string>
				<key>INFOPLIST_FILE</key>
				<string>MEReactiveKitDemo/MEReactiveKitDemo-Info.plist</string>
				<key>PRODUCT_NAME</key>
				<string>$(TARGET_NAME)</string>
				<key>TARGETED_DEVICE_FAMILY</key>
				<string>1,2</string>
				<key>WRAPPER_EXTENSION</key>
				<string>app</string>
			</dict>
			<key>isa</key>
			<string>XCBuildConfiguration</string>
			<key>name</key>
			<string>Release</string>
		</dict>
		<key>79E1FBB818D57CD800A2414E</key>
		<dict>
			<key>fileEncoding</key>
			<string>4</string>
			<key>isa</key>
			<string>PBXFileReference</string>
			<key>lastKnownFileType</key>
			<string>sourcecode.c.h</string>
			<key>path</key>
			<string>MERRootSlidingViewController.h</string>
			<key>sourceTree</key>
			<string>&lt;group&gt;</string>
		</dict>
		<key>79E1FBB918D57CD800A2414E</key>
		<dict>
			<key>fileEncoding</key>
			<string>4</string>
			<key>isa</key>
			<string>PBXFileReference</string>
			<key>lastKnownFileType</key>
			<string>sourcecode.c.objc</string>
			<key>path</key>
			<string>MERRootSlidingViewController.m</string>
			<key>sourceTree</key>
			<string>&lt;group&gt;</string>
		</dict>
		<key>79E1FBBA18D57CD800A2414E</key>
		<dict>
			<key>fileRef</key>
			<string>79E1FBB918D57CD800A2414E</string>
			<key>isa</key>
			<string>PBXBuildFile</string>
		</dict>
		<key>79E1FBBD18D5823700A2414E</key>
		<dict>
			<key>isa</key>
			<string>PBXFileReference</string>
			<key>lastKnownFileType</key>
			<string>archive.ar</string>
			<key>name</key>
			<string>libPods.a</string>
			<key>path</key>
			<string>Pods/build/Debug-iphoneos/libPods.a</string>
			<key>sourceTree</key>
			<string>&lt;group&gt;</string>
		</dict>
		<key>79E1FBBF18D5830D00A2414E</key>
		<dict>
			<key>fileEncoding</key>
			<string>4</string>
			<key>isa</key>
			<string>PBXFileReference</string>
			<key>lastKnownFileType</key>
			<string>sourcecode.c.h</string>
			<key>path</key>
			<string>MERScrollView.h</string>
			<key>sourceTree</key>
			<string>&lt;group&gt;</string>
		</dict>
		<key>79E1FBC018D5830D00A2414E</key>
		<dict>
			<key>fileEncoding</key>
			<string>4</string>
			<key>isa</key>
			<string>PBXFileReference</string>
			<key>lastKnownFileType</key>
			<string>sourcecode.c.objc</string>
			<key>path</key>
			<string>MERScrollView.m</string>
			<key>sourceTree</key>
			<string>&lt;group&gt;</string>
		</dict>
		<key>79E1FBC118D5830D00A2414E</key>
		<dict>
			<key>fileRef</key>
			<string>79E1FBC018D5830D00A2414E</string>
			<key>isa</key>
			<string>PBXBuildFile</string>
		</dict>
		<key>79E1FBC318D5891500A2414E</key>
		<dict>
			<key>fileRef</key>
			<string>79E1FB2E18D56CE700A2414E</string>
			<key>isa</key>
			<string>PBXBuildFile</string>
		</dict>
		<key>79E1FBC418D5891500A2414E</key>
		<dict>
			<key>fileRef</key>
			<string>79E1FB4818D56E3B00A2414E</string>
			<key>isa</key>
			<string>PBXBuildFile</string>
		</dict>
		<key>79E1FBC618D5891500A2414E</key>
		<dict>
			<key>fileRef</key>
			<string>79E1FB3918D56E3B00A2414E</string>
			<key>isa</key>
			<string>PBXBuildFile</string>
		</dict>
		<key>79E1FBC818D5891500A2414E</key>
		<dict>
			<key>fileRef</key>
			<string>79E1FB4218D56E3B00A2414E</string>
			<key>isa</key>
			<string>PBXBuildFile</string>
		</dict>
		<key>79E1FBCB18D5891500A2414E</key>
		<dict>
			<key>fileRef</key>
			<string>79E1FB4A18D56E3B00A2414E</string>
			<key>isa</key>
			<string>PBXBuildFile</string>
		</dict>
		<key>79E1FBCC18D5891500A2414E</key>
		<dict>
			<key>fileRef</key>
			<string>79E1FB4E18D56E3B00A2414E</string>
			<key>isa</key>
			<string>PBXBuildFile</string>
		</dict>
		<key>79E1FBCD18D5891500A2414E</key>
		<dict>
			<key>fileRef</key>
			<string>79E1FB3C18D56E3B00A2414E</string>
			<key>isa</key>
			<string>PBXBuildFile</string>
		</dict>
		<key>79E1FBCE18D5891500A2414E</key>
		<dict>
			<key>fileRef</key>
			<string>79E1FBBF18D5830D00A2414E</string>
			<key>isa</key>
			<string>PBXBuildFile</string>
		</dict>
		<key>79E1FBCF18D5891500A2414E</key>
		<dict>
			<key>fileRef</key>
			<string>79E1FB4C18D56E3B00A2414E</string>
			<key>isa</key>
			<string>PBXBuildFile</string>
		</dict>
		<key>79E1FBD018D5891500A2414E</key>
		<dict>
			<key>fileRef</key>
			<string>79E1FB5018D56E3B00A2414E</string>
			<key>isa</key>
			<string>PBXBuildFile</string>
		</dict>
		<key>79E1FBD118D5891F00A2414E</key>
		<dict>
			<key>fileRef</key>
			<string>79E1FB5218D56E3B00A2414E</string>
			<key>isa</key>
			<string>PBXBuildFile</string>
		</dict>
		<key>79E1FBD218D5891F00A2414E</key>
		<dict>
			<key>fileRef</key>
			<string>79E1FB3318D56E3B00A2414E</string>
			<key>isa</key>
			<string>PBXBuildFile</string>
		</dict>
		<key>79E1FBD318D5891F00A2414E</key>
		<dict>
			<key>fileRef</key>
			<string>79E1FB3518D56E3B00A2414E</string>
			<key>isa</key>
			<string>PBXBuildFile</string>
		</dict>
	</dict>
	<key>rootObject</key>
	<string>79E1FAEA18D56C1300A2414E</string>
</dict>
</plist>
